Microsoft Visual Studio Solution File, Format Version 8.00
Project("{8BC9CEB8-8B4A-11D0-8D11-00A0C91BC942}") = "libgasandbox", "libgasandbox.vcproj", "{FA5DC3A9-AA89-4F04-9F78-38727225F84C}"
	ProjectSection(ProjectDependencies) = postProject
	EndProjectSection
EndProject
Project("{8BC9CEB8-8B4A-11D0-8D11-00A0C91BC942}") = "libgasandboxparse", "libgasandboxparse.vcproj", "{FA5DC3A9-AA89-4F04-9F78-38727225F84D}"
	ProjectSection(ProjectDependencies) = postProject
	EndProjectSection
EndProject
Project("{8BC9CEB8-8B4A-11D0-8D11-00A0C91BC942}") = "qhull", "..\qhull-2003.1\vs.net\qhull.vcproj", "{077A4370-606C-4AD0-AC41-A1BDBA4CC6B2}"
	ProjectSection(ProjectDependencies) = postProject
	EndProjectSection
EndProject
Project("{8BC9CEB8-8B4A-11D0-8D11-00A0C91BC942}") = "chap1ex1", "chap1ex1.vcproj", "{3383ACF7-F226-452C-8457-47D1543B56B7}"
	ProjectSection(ProjectDependencies) = postProject
		{FA5DC3A9-AA89-4F04-9F78-38727225F84C} = {FA5DC3A9-AA89-4F04-9F78-38727225F84C}
	EndProjectSection
EndProject
Global
	GlobalSection(SolutionConfiguration) = preSolution
		Debug = Debug
		Release = Release
	EndGlobalSection
	GlobalSection(ProjectConfiguration) = postSolution
		{FA5DC3A9-AA89-4F04-9F78-38727225F84C}.Debug.ActiveCfg = Debug|Win32
		{FA5DC3A9-AA89-4F04-9F78-38727225F84C}.Debug.Build.0 = Debug|Win32
		{FA5DC3A9-AA89-4F04-9F78-38727225F84C}.Release.ActiveCfg = Release|Win32
		{FA5DC3A9-AA89-4F04-9F78-38727225F84C}.Release.Build.0 = Release|Win32
		{FA5DC3A9-AA89-4F04-9F78-38727225F84D}.Debug.ActiveCfg = Debug|Win32
		{FA5DC3A9-AA89-4F04-9F78-38727225F84D}.Debug.Build.0 = Debug|Win32
		{FA5DC3A9-AA89-4F04-9F78-38727225F84D}.Release.ActiveCfg = Release|Win32
		{FA5DC3A9-AA89-4F04-9F78-38727225F84D}.Release.Build.0 = Release|Win32
		{077A4370-606C-4AD0-AC41-A1BDBA4CC6B2}.Debug.ActiveCfg = Debug|Win32
		{077A4370-606C-4AD0-AC41-A1BDBA4CC6B2}.Debug.Build.0 = Debug|Win32
		{077A4370-606C-4AD0-AC41-A1BDBA4CC6B2}.Release.ActiveCfg = Release|Win32
		{077A4370-606C-4AD0-AC41-A1BDBA4CC6B2}.Release.Build.0 = Release|Win32
		{3383ACF7-F226-452C-8457-47D1543B56B7}.Debug.ActiveCfg = Debug|Win32
		{3383ACF7-F226-452C-8457-47D1543B56B7}.Debug.Build.0 = Debug|Win32
		{3383ACF7-F226-452C-8457-47D1543B56B7}.Release.ActiveCfg = Release|Win32
		{3383ACF7-F226-452C-8457-47D1543B56B7}.Release.Build.0 = Release|Win32
	EndGlobalSection
	GlobalSection(ExtensibilityGlobals) = postSolution
	EndGlobalSection
	GlobalSection(ExtensibilityAddIns) = postSolution
	EndGlobalSection
EndGlobal
