
Microsoft Visual Studio Solution File, Format Version 9.00
# Visual Studio 2005
Project("{8BC9CEB8-8B4A-11D0-8D11-00A0C91BC942}") = "qhull", "qhull.vcproj", "{7D05854B-D3AB-45BE-BA6C-8D4B9949079A}"
EndProject
Project("{8BC9CEB8-8B4A-11D0-8D11-00A0C91BC942}") = "libgasandbox", "libgasandbox.vcproj", "{7FF252E8-8CB4-43E7-AE1A-AD98D4E5E49D}"
EndProject
Project("{8BC9CEB8-8B4A-11D0-8D11-00A0C91BC942}") = "chap1ex1", "chap1ex1.vcproj", "{4AB01A80-4750-4A12-A015-A08276DD1458}"
	ProjectSection(ProjectDependencies) = postProject
		{7FF252E8-8CB4-43E7-AE1A-AD98D4E5E49D} = {7FF252E8-8CB4-43E7-AE1A-AD98D4E5E49D}
	EndProjectSection
EndProject
Project("{8BC9CEB8-8B4A-11D0-8D11-00A0C91BC942}") = "chap2ex1", "chap2ex1.vcproj", "{6C470066-65E5-4ED8-9F71-8B37BDD83418}"
	ProjectSection(ProjectDependencies) = postProject
		{7FF252E8-8CB4-43E7-AE1A-AD98D4E5E49D} = {7FF252E8-8CB4-43E7-AE1A-AD98D4E5E49D}
	EndProjectSection
EndProject
Project("{8BC9CEB8-8B4A-11D0-8D11-00A0C91BC942}") = "chap2ex2", "chap2ex2.vcproj", "{C56A18D9-1CEA-406E-BC78-EB00F3919393}"
	ProjectSection(ProjectDependencies) = postProject
		{7FF252E8-8CB4-43E7-AE1A-AD98D4E5E49D} = {7FF252E8-8CB4-43E7-AE1A-AD98D4E5E49D}
	EndProjectSection
EndProject
Project("{8BC9CEB8-8B4A-11D0-8D11-00A0C91BC942}") = "chap12ex3", "chap12ex3.vcproj", "{B155A28C-2BDA-461E-932B-69E60B0B28ED}"
	ProjectSection(ProjectDependencies) = postProject
		{DCD06239-C781-456B-B78B-92CC6F497175} = {DCD06239-C781-456B-B78B-92CC6F497175}
		{7FF252E8-8CB4-43E7-AE1A-AD98D4E5E49D} = {7FF252E8-8CB4-43E7-AE1A-AD98D4E5E49D}
	EndProjectSection
EndProject
Project("{8BC9CEB8-8B4A-11D0-8D11-00A0C91BC942}") = "libgasandboxparse", "libgasandboxparse.vcproj", "{DCD06239-C781-456B-B78B-92CC6F497175}"
EndProject
Project("{8BC9CEB8-8B4A-11D0-8D11-00A0C91BC942}") = "chap2ex3", "chap2ex3.vcproj", "{3FAE1084-BB20-439F-B88B-23168746C924}"
	ProjectSection(ProjectDependencies) = postProject
		{7FF252E8-8CB4-43E7-AE1A-AD98D4E5E49D} = {7FF252E8-8CB4-43E7-AE1A-AD98D4E5E49D}
	EndProjectSection
EndProject
Project("{8BC9CEB8-8B4A-11D0-8D11-00A0C91BC942}") = "chap3ex1", "chap3ex1.vcproj", "{BE639B02-7AD5-4288-808F-20E77CDDBC23}"
	ProjectSection(ProjectDependencies) = postProject
		{7FF252E8-8CB4-43E7-AE1A-AD98D4E5E49D} = {7FF252E8-8CB4-43E7-AE1A-AD98D4E5E49D}
	EndProjectSection
EndProject
Project("{8BC9CEB8-8B4A-11D0-8D11-00A0C91BC942}") = "chap3ex2", "chap3ex2.vcproj", "{E00BD261-C43D-4FBF-A5F9-D9079CDF8134}"
	ProjectSection(ProjectDependencies) = postProject
		{7FF252E8-8CB4-43E7-AE1A-AD98D4E5E49D} = {7FF252E8-8CB4-43E7-AE1A-AD98D4E5E49D}
	EndProjectSection
EndProject
Project("{8BC9CEB8-8B4A-11D0-8D11-00A0C91BC942}") = "chap3ex3", "chap3ex3.vcproj", "{6C81B72B-4D03-4C87-A8F7-39B740F5E090}"
	ProjectSection(ProjectDependencies) = postProject
		{7FF252E8-8CB4-43E7-AE1A-AD98D4E5E49D} = {7FF252E8-8CB4-43E7-AE1A-AD98D4E5E49D}
	EndProjectSection
EndProject
Project("{8BC9CEB8-8B4A-11D0-8D11-00A0C91BC942}") = "chap3ex4", "chap3ex4.vcproj", "{C7B3140C-8D62-4DCE-9AD4-EF11E0C79952}"
	ProjectSection(ProjectDependencies) = postProject
		{7FF252E8-8CB4-43E7-AE1A-AD98D4E5E49D} = {7FF252E8-8CB4-43E7-AE1A-AD98D4E5E49D}
	EndProjectSection
EndProject
Project("{8BC9CEB8-8B4A-11D0-8D11-00A0C91BC942}") = "chap4ex1", "chap4ex1.vcproj", "{F8005B84-FA6F-4F29-8A47-6C5C0B1B7F37}"
	ProjectSection(ProjectDependencies) = postProject
		{7FF252E8-8CB4-43E7-AE1A-AD98D4E5E49D} = {7FF252E8-8CB4-43E7-AE1A-AD98D4E5E49D}
	EndProjectSection
EndProject
Project("{8BC9CEB8-8B4A-11D0-8D11-00A0C91BC942}") = "chap4ex3", "chap4ex3.vcproj", "{709A684F-41EF-42F3-B2D7-D22DF2795C7B}"
	ProjectSection(ProjectDependencies) = postProject
		{7FF252E8-8CB4-43E7-AE1A-AD98D4E5E49D} = {7FF252E8-8CB4-43E7-AE1A-AD98D4E5E49D}
	EndProjectSection
EndProject
Project("{8BC9CEB8-8B4A-11D0-8D11-00A0C91BC942}") = "chap4ex2", "chap4ex2.vcproj", "{D8EFABDD-BCC8-4C11-BA4A-5BB5A9AEBE16}"
	ProjectSection(ProjectDependencies) = postProject
		{7FF252E8-8CB4-43E7-AE1A-AD98D4E5E49D} = {7FF252E8-8CB4-43E7-AE1A-AD98D4E5E49D}
	EndProjectSection
EndProject
Project("{8BC9CEB8-8B4A-11D0-8D11-00A0C91BC942}") = "chap5ex1", "chap5ex1.vcproj", "{54F3B09D-E414-48D4-B46F-8F0FB14DFE4D}"
	ProjectSection(ProjectDependencies) = postProject
		{7FF252E8-8CB4-43E7-AE1A-AD98D4E5E49D} = {7FF252E8-8CB4-43E7-AE1A-AD98D4E5E49D}
	EndProjectSection
EndProject
Project("{8BC9CEB8-8B4A-11D0-8D11-00A0C91BC942}") = "chap5ex2", "chap5ex2.vcproj", "{E0D72108-85BC-4A94-AC40-CF0483C97D78}"
	ProjectSection(ProjectDependencies) = postProject
		{7FF252E8-8CB4-43E7-AE1A-AD98D4E5E49D} = {7FF252E8-8CB4-43E7-AE1A-AD98D4E5E49D}
	EndProjectSection
EndProject
Project("{8BC9CEB8-8B4A-11D0-8D11-00A0C91BC942}") = "chap5ex3", "chap5ex3.vcproj", "{39E2FF7E-6D4A-4549-A006-17F9862539CA}"
	ProjectSection(ProjectDependencies) = postProject
		{7FF252E8-8CB4-43E7-AE1A-AD98D4E5E49D} = {7FF252E8-8CB4-43E7-AE1A-AD98D4E5E49D}
	EndProjectSection
EndProject
Project("{8BC9CEB8-8B4A-11D0-8D11-00A0C91BC942}") = "chap6ex1", "chap6ex1.vcproj", "{E97ABE71-58E6-4C53-90CA-9AEE457ADC6B}"
	ProjectSection(ProjectDependencies) = postProject
		{7FF252E8-8CB4-43E7-AE1A-AD98D4E5E49D} = {7FF252E8-8CB4-43E7-AE1A-AD98D4E5E49D}
	EndProjectSection
EndProject
Project("{8BC9CEB8-8B4A-11D0-8D11-00A0C91BC942}") = "chap6ex2", "chap6ex2.vcproj", "{E7BECDC4-48FC-4339-BF14-214A58C6A949}"
	ProjectSection(ProjectDependencies) = postProject
		{7FF252E8-8CB4-43E7-AE1A-AD98D4E5E49D} = {7FF252E8-8CB4-43E7-AE1A-AD98D4E5E49D}
	EndProjectSection
EndProject
Project("{8BC9CEB8-8B4A-11D0-8D11-00A0C91BC942}") = "chap7ex1", "chap7ex1.vcproj", "{97FA80A2-54F9-48C6-AEF9-6ABEA90BA7AA}"
	ProjectSection(ProjectDependencies) = postProject
		{7FF252E8-8CB4-43E7-AE1A-AD98D4E5E49D} = {7FF252E8-8CB4-43E7-AE1A-AD98D4E5E49D}
	EndProjectSection
EndProject
Project("{8BC9CEB8-8B4A-11D0-8D11-00A0C91BC942}") = "chap7ex2", "chap7ex2.vcproj", "{5646E86C-719B-48EA-AFDE-692C9308CA78}"
	ProjectSection(ProjectDependencies) = postProject
		{7FF252E8-8CB4-43E7-AE1A-AD98D4E5E49D} = {7FF252E8-8CB4-43E7-AE1A-AD98D4E5E49D}
	EndProjectSection
EndProject
Project("{8BC9CEB8-8B4A-11D0-8D11-00A0C91BC942}") = "chap7ex3", "chap7ex3.vcproj", "{613BC5AA-19FF-4FF6-8814-B561C40C1F07}"
	ProjectSection(ProjectDependencies) = postProject
		{7FF252E8-8CB4-43E7-AE1A-AD98D4E5E49D} = {7FF252E8-8CB4-43E7-AE1A-AD98D4E5E49D}
	EndProjectSection
EndProject
Project("{8BC9CEB8-8B4A-11D0-8D11-00A0C91BC942}") = "chap7ex4", "chap7ex4.vcproj", "{A62CB2FF-ACB0-4E33-B5C2-15D41F766A1F}"
	ProjectSection(ProjectDependencies) = postProject
		{7FF252E8-8CB4-43E7-AE1A-AD98D4E5E49D} = {7FF252E8-8CB4-43E7-AE1A-AD98D4E5E49D}
	EndProjectSection
EndProject
Project("{8BC9CEB8-8B4A-11D0-8D11-00A0C91BC942}") = "chap7ex5", "chap7ex5.vcproj", "{EC42F202-94FD-42E0-B473-5BDD8E5EC002}"
	ProjectSection(ProjectDependencies) = postProject
		{7FF252E8-8CB4-43E7-AE1A-AD98D4E5E49D} = {7FF252E8-8CB4-43E7-AE1A-AD98D4E5E49D}
	EndProjectSection
EndProject
Project("{8BC9CEB8-8B4A-11D0-8D11-00A0C91BC942}") = "chap10ex1", "chap10ex1.vcproj", "{433C9BF7-2243-425A-8A2B-B7FA6EBD9632}"
	ProjectSection(ProjectDependencies) = postProject
		{7FF252E8-8CB4-43E7-AE1A-AD98D4E5E49D} = {7FF252E8-8CB4-43E7-AE1A-AD98D4E5E49D}
	EndProjectSection
EndProject
Project("{8BC9CEB8-8B4A-11D0-8D11-00A0C91BC942}") = "chap10ex2", "chap10ex2.vcproj", "{62706AF0-E3CF-4A99-AE74-B5CF1510339F}"
	ProjectSection(ProjectDependencies) = postProject
		{7FF252E8-8CB4-43E7-AE1A-AD98D4E5E49D} = {7FF252E8-8CB4-43E7-AE1A-AD98D4E5E49D}
	EndProjectSection
EndProject
Project("{8BC9CEB8-8B4A-11D0-8D11-00A0C91BC942}") = "chap10ex3", "chap10ex3.vcproj", "{14848374-4656-4A03-BAF1-2ED291C30C89}"
	ProjectSection(ProjectDependencies) = postProject
		{7FF252E8-8CB4-43E7-AE1A-AD98D4E5E49D} = {7FF252E8-8CB4-43E7-AE1A-AD98D4E5E49D}
		{DCD06239-C781-456B-B78B-92CC6F497175} = {DCD06239-C781-456B-B78B-92CC6F497175}
	EndProjectSection
EndProject
Project("{8BC9CEB8-8B4A-11D0-8D11-00A0C91BC942}") = "chap11ex1", "chap11ex1.vcproj", "{996620DB-14FF-46EA-8A9B-B4485619B63A}"
	ProjectSection(ProjectDependencies) = postProject
		{7FF252E8-8CB4-43E7-AE1A-AD98D4E5E49D} = {7FF252E8-8CB4-43E7-AE1A-AD98D4E5E49D}
	EndProjectSection
EndProject
Project("{8BC9CEB8-8B4A-11D0-8D11-00A0C91BC942}") = "chap11ex2", "chap11ex2.vcproj", "{4DAD0103-98A7-4BC0-B96A-5BF4C0149FF7}"
	ProjectSection(ProjectDependencies) = postProject
		{7FF252E8-8CB4-43E7-AE1A-AD98D4E5E49D} = {7FF252E8-8CB4-43E7-AE1A-AD98D4E5E49D}
	EndProjectSection
EndProject
Project("{8BC9CEB8-8B4A-11D0-8D11-00A0C91BC942}") = "chap11ex3", "chap11ex3.vcproj", "{125AFD3C-864E-4422-AD00-8B6E73933C6E}"
	ProjectSection(ProjectDependencies) = postProject
		{7FF252E8-8CB4-43E7-AE1A-AD98D4E5E49D} = {7FF252E8-8CB4-43E7-AE1A-AD98D4E5E49D}
	EndProjectSection
EndProject
Project("{8BC9CEB8-8B4A-11D0-8D11-00A0C91BC942}") = "chap11ex4", "chap11ex4.vcproj", "{82D22FC0-CCA9-43F9-8346-C09E14A135F7}"
	ProjectSection(ProjectDependencies) = postProject
		{7FF252E8-8CB4-43E7-AE1A-AD98D4E5E49D} = {7FF252E8-8CB4-43E7-AE1A-AD98D4E5E49D}
	EndProjectSection
EndProject
Project("{8BC9CEB8-8B4A-11D0-8D11-00A0C91BC942}") = "chap12ex1", "chap12ex1.vcproj", "{63F825E6-082F-4BCF-8414-C8F6389FADC8}"
	ProjectSection(ProjectDependencies) = postProject
		{7FF252E8-8CB4-43E7-AE1A-AD98D4E5E49D} = {7FF252E8-8CB4-43E7-AE1A-AD98D4E5E49D}
	EndProjectSection
EndProject
Project("{8BC9CEB8-8B4A-11D0-8D11-00A0C91BC942}") = "chap12ex2", "chap12ex2.vcproj", "{A8AA132D-4A4E-4CCC-95AF-C38242F5F7CA}"
	ProjectSection(ProjectDependencies) = postProject
		{7FF252E8-8CB4-43E7-AE1A-AD98D4E5E49D} = {7FF252E8-8CB4-43E7-AE1A-AD98D4E5E49D}
	EndProjectSection
EndProject
Project("{8BC9CEB8-8B4A-11D0-8D11-00A0C91BC942}") = "chap13ex1", "chap13ex1.vcproj", "{D30BFC2D-2ECB-40BE-AA68-EAC351301793}"
	ProjectSection(ProjectDependencies) = postProject
		{7FF252E8-8CB4-43E7-AE1A-AD98D4E5E49D} = {7FF252E8-8CB4-43E7-AE1A-AD98D4E5E49D}
	EndProjectSection
EndProject
Project("{8BC9CEB8-8B4A-11D0-8D11-00A0C91BC942}") = "chap13ex2", "chap13ex2.vcproj", "{34E28F94-5AD7-4434-BDB2-EC57FAA328F5}"
	ProjectSection(ProjectDependencies) = postProject
		{7FF252E8-8CB4-43E7-AE1A-AD98D4E5E49D} = {7FF252E8-8CB4-43E7-AE1A-AD98D4E5E49D}
	EndProjectSection
EndProject
Project("{8BC9CEB8-8B4A-11D0-8D11-00A0C91BC942}") = "chap13ex3", "chap13ex3.vcproj", "{06AFA9A0-6B94-40AC-8A38-3268DB185CE7}"
	ProjectSection(ProjectDependencies) = postProject
		{7FF252E8-8CB4-43E7-AE1A-AD98D4E5E49D} = {7FF252E8-8CB4-43E7-AE1A-AD98D4E5E49D}
	EndProjectSection
EndProject
Project("{8BC9CEB8-8B4A-11D0-8D11-00A0C91BC942}") = "chap13ex4", "chap13ex4.vcproj", "{D006C712-69C9-4F83-9606-954E3E2C392F}"
	ProjectSection(ProjectDependencies) = postProject
		{7FF252E8-8CB4-43E7-AE1A-AD98D4E5E49D} = {7FF252E8-8CB4-43E7-AE1A-AD98D4E5E49D}
	EndProjectSection
EndProject
Project("{8BC9CEB8-8B4A-11D0-8D11-00A0C91BC942}") = "chap14ex1", "chap14ex1.vcproj", "{A78AF131-0286-4E8D-A000-B377AF01D739}"
	ProjectSection(ProjectDependencies) = postProject
		{7FF252E8-8CB4-43E7-AE1A-AD98D4E5E49D} = {7FF252E8-8CB4-43E7-AE1A-AD98D4E5E49D}
		{7D05854B-D3AB-45BE-BA6C-8D4B9949079A} = {7D05854B-D3AB-45BE-BA6C-8D4B9949079A}
	EndProjectSection
EndProject
Project("{8BC9CEB8-8B4A-11D0-8D11-00A0C91BC942}") = "chap14ex2", "chap14ex2.vcproj", "{A692E339-CBF0-49E1-BEC7-04252522F59E}"
	ProjectSection(ProjectDependencies) = postProject
		{7FF252E8-8CB4-43E7-AE1A-AD98D4E5E49D} = {7FF252E8-8CB4-43E7-AE1A-AD98D4E5E49D}
	EndProjectSection
EndProject
Project("{8BC9CEB8-8B4A-11D0-8D11-00A0C91BC942}") = "chap14ex3", "chap14ex3.vcproj", "{97950766-8AE3-46E6-8EE2-1231188458D6}"
	ProjectSection(ProjectDependencies) = postProject
		{7FF252E8-8CB4-43E7-AE1A-AD98D4E5E49D} = {7FF252E8-8CB4-43E7-AE1A-AD98D4E5E49D}
	EndProjectSection
EndProject
Project("{8BC9CEB8-8B4A-11D0-8D11-00A0C91BC942}") = "chap14ex4", "chap14ex4.vcproj", "{914CE7FC-07B5-4DD1-B4D8-F9BD35F6D30A}"
	ProjectSection(ProjectDependencies) = postProject
		{7FF252E8-8CB4-43E7-AE1A-AD98D4E5E49D} = {7FF252E8-8CB4-43E7-AE1A-AD98D4E5E49D}
	EndProjectSection
EndProject
Project("{8BC9CEB8-8B4A-11D0-8D11-00A0C91BC942}") = "chap15ex1", "chap15ex1.vcproj", "{3DA20FE9-23E5-4B6B-89FF-EEBCD284A1AB}"
	ProjectSection(ProjectDependencies) = postProject
		{7FF252E8-8CB4-43E7-AE1A-AD98D4E5E49D} = {7FF252E8-8CB4-43E7-AE1A-AD98D4E5E49D}
	EndProjectSection
EndProject
Project("{8BC9CEB8-8B4A-11D0-8D11-00A0C91BC942}") = "chap15ex2", "chap15ex2.vcproj", "{2B69EE5D-2249-482D-A7BD-69953AFC273F}"
	ProjectSection(ProjectDependencies) = postProject
		{7FF252E8-8CB4-43E7-AE1A-AD98D4E5E49D} = {7FF252E8-8CB4-43E7-AE1A-AD98D4E5E49D}
	EndProjectSection
EndProject
Project("{8BC9CEB8-8B4A-11D0-8D11-00A0C91BC942}") = "chap15ex3", "chap15ex3.vcproj", "{159B786A-654E-44CD-9501-8B53938CB3E1}"
	ProjectSection(ProjectDependencies) = postProject
		{7FF252E8-8CB4-43E7-AE1A-AD98D4E5E49D} = {7FF252E8-8CB4-43E7-AE1A-AD98D4E5E49D}
	EndProjectSection
EndProject
Project("{8BC9CEB8-8B4A-11D0-8D11-00A0C91BC942}") = "chap16ex1", "chap16ex1.vcproj", "{B14AD9B5-C2BE-4D53-A05D-187B7B04F934}"
	ProjectSection(ProjectDependencies) = postProject
		{7FF252E8-8CB4-43E7-AE1A-AD98D4E5E49D} = {7FF252E8-8CB4-43E7-AE1A-AD98D4E5E49D}
	EndProjectSection
EndProject
Project("{8BC9CEB8-8B4A-11D0-8D11-00A0C91BC942}") = "chap16ex2", "chap16ex2.vcproj", "{CDB7151C-2B3D-4559-B830-153AFA4094B3}"
	ProjectSection(ProjectDependencies) = postProject
		{7FF252E8-8CB4-43E7-AE1A-AD98D4E5E49D} = {7FF252E8-8CB4-43E7-AE1A-AD98D4E5E49D}
	EndProjectSection
EndProject
Project("{8BC9CEB8-8B4A-11D0-8D11-00A0C91BC942}") = "chap16ex3", "chap16ex3.vcproj", "{3E9A7C61-64C5-4913-9C92-8AF86716CC6A}"
	ProjectSection(ProjectDependencies) = postProject
		{7FF252E8-8CB4-43E7-AE1A-AD98D4E5E49D} = {7FF252E8-8CB4-43E7-AE1A-AD98D4E5E49D}
	EndProjectSection
EndProject
Project("{8BC9CEB8-8B4A-11D0-8D11-00A0C91BC942}") = "chap16ex4", "chap16ex4.vcproj", "{7C39DAE3-2339-4763-9091-E64322393579}"
	ProjectSection(ProjectDependencies) = postProject
		{7FF252E8-8CB4-43E7-AE1A-AD98D4E5E49D} = {7FF252E8-8CB4-43E7-AE1A-AD98D4E5E49D}
	EndProjectSection
EndProject
Project("{8BC9CEB8-8B4A-11D0-8D11-00A0C91BC942}") = "gaigenhp", "gaigenhp.vcproj", "{F998C79E-D9CE-42CD-B928-7A87A84B394A}"
	ProjectSection(ProjectDependencies) = postProject
		{7FF252E8-8CB4-43E7-AE1A-AD98D4E5E49D} = {7FF252E8-8CB4-43E7-AE1A-AD98D4E5E49D}
	EndProjectSection
EndProject
Project("{2150E333-8FDC-42A3-9474-1A3956D46DE8}") = "chap01", "chap01", "{C259BA73-7A95-4267-8381-8B9D18B4E095}"
EndProject
Project("{2150E333-8FDC-42A3-9474-1A3956D46DE8}") = "chap02", "chap02", "{DE159208-E0C1-40F0-88C5-1D7FB455F86E}"
EndProject
Project("{2150E333-8FDC-42A3-9474-1A3956D46DE8}") = "chap03", "chap03", "{4F79F916-EE45-4EB1-B269-D7AE0B88D32A}"
EndProject
Project("{2150E333-8FDC-42A3-9474-1A3956D46DE8}") = "chap04", "chap04", "{2A7B65F6-F6AA-445C-B4EF-F568471C5FBE}"
EndProject
Project("{2150E333-8FDC-42A3-9474-1A3956D46DE8}") = "chap05", "chap05", "{CA81F143-FF60-4B59-BFBB-1AD758B5734C}"
EndProject
Project("{2150E333-8FDC-42A3-9474-1A3956D46DE8}") = "chap10", "chap10", "{73C8CA2E-D4A7-4467-9E86-C9402B72E1F6}"
EndProject
Project("{2150E333-8FDC-42A3-9474-1A3956D46DE8}") = "chap11", "chap11", "{4009D1EC-82F3-4429-BFE8-9651E99A3196}"
EndProject
Project("{2150E333-8FDC-42A3-9474-1A3956D46DE8}") = "chap12", "chap12", "{F71069C9-43A0-451A-B89D-8BD6A5149EF8}"
EndProject
Project("{2150E333-8FDC-42A3-9474-1A3956D46DE8}") = "chap13", "chap13", "{2BBD0C79-932B-486E-96EA-478632F1D0A6}"
EndProject
Project("{2150E333-8FDC-42A3-9474-1A3956D46DE8}") = "chap14", "chap14", "{B882E631-BF78-43BB-8F1E-976676CFA3B2}"
EndProject
Project("{2150E333-8FDC-42A3-9474-1A3956D46DE8}") = "chap15", "chap15", "{9C1726BC-93B6-4AAF-974A-0AE1AC44E886}"
EndProject
Project("{2150E333-8FDC-42A3-9474-1A3956D46DE8}") = "chap16", "chap16", "{27086EEC-372E-4321-AE94-8CF99CCA429E}"
EndProject
Project("{2150E333-8FDC-42A3-9474-1A3956D46DE8}") = "chap06", "chap06", "{DCF12512-009E-42AC-8267-C684CFD43E78}"
EndProject
Project("{2150E333-8FDC-42A3-9474-1A3956D46DE8}") = "chap07", "chap07", "{B6205DF2-C17C-4425-A052-90D52B10B6B0}"
EndProject
Global
	GlobalSection(SolutionConfigurationPlatforms) = preSolution
		Debug|Win32 = Debug|Win32
		Release|Win32 = Release|Win32
	EndGlobalSection
	GlobalSection(ProjectConfigurationPlatforms) = postSolution
		{7D05854B-D3AB-45BE-BA6C-8D4B9949079A}.Debug|Win32.ActiveCfg = Debug|Win32
		{7D05854B-D3AB-45BE-BA6C-8D4B9949079A}.Debug|Win32.Build.0 = Debug|Win32
		{7D05854B-D3AB-45BE-BA6C-8D4B9949079A}.Release|Win32.ActiveCfg = Release|Win32
		{7D05854B-D3AB-45BE-BA6C-8D4B9949079A}.Release|Win32.Build.0 = Release|Win32
		{7FF252E8-8CB4-43E7-AE1A-AD98D4E5E49D}.Debug|Win32.ActiveCfg = Debug|Win32
		{7FF252E8-8CB4-43E7-AE1A-AD98D4E5E49D}.Debug|Win32.Build.0 = Debug|Win32
		{7FF252E8-8CB4-43E7-AE1A-AD98D4E5E49D}.Release|Win32.ActiveCfg = Release|Win32
		{7FF252E8-8CB4-43E7-AE1A-AD98D4E5E49D}.Release|Win32.Build.0 = Release|Win32
		{4AB01A80-4750-4A12-A015-A08276DD1458}.Debug|Win32.ActiveCfg = Debug|Win32
		{4AB01A80-4750-4A12-A015-A08276DD1458}.Debug|Win32.Build.0 = Debug|Win32
		{4AB01A80-4750-4A12-A015-A08276DD1458}.Release|Win32.ActiveCfg = Release|Win32
		{4AB01A80-4750-4A12-A015-A08276DD1458}.Release|Win32.Build.0 = Release|Win32
		{6C470066-65E5-4ED8-9F71-8B37BDD83418}.Debug|Win32.ActiveCfg = Debug|Win32
		{6C470066-65E5-4ED8-9F71-8B37BDD83418}.Debug|Win32.Build.0 = Debug|Win32
		{6C470066-65E5-4ED8-9F71-8B37BDD83418}.Release|Win32.ActiveCfg = Release|Win32
		{6C470066-65E5-4ED8-9F71-8B37BDD83418}.Release|Win32.Build.0 = Release|Win32
		{C56A18D9-1CEA-406E-BC78-EB00F3919393}.Debug|Win32.ActiveCfg = Debug|Win32
		{C56A18D9-1CEA-406E-BC78-EB00F3919393}.Debug|Win32.Build.0 = Debug|Win32
		{C56A18D9-1CEA-406E-BC78-EB00F3919393}.Release|Win32.ActiveCfg = Release|Win32
		{C56A18D9-1CEA-406E-BC78-EB00F3919393}.Release|Win32.Build.0 = Release|Win32
		{B155A28C-2BDA-461E-932B-69E60B0B28ED}.Debug|Win32.ActiveCfg = Debug|Win32
		{B155A28C-2BDA-461E-932B-69E60B0B28ED}.Debug|Win32.Build.0 = Debug|Win32
		{B155A28C-2BDA-461E-932B-69E60B0B28ED}.Release|Win32.ActiveCfg = Release|Win32
		{B155A28C-2BDA-461E-932B-69E60B0B28ED}.Release|Win32.Build.0 = Release|Win32
		{DCD06239-C781-456B-B78B-92CC6F497175}.Debug|Win32.ActiveCfg = Debug|Win32
		{DCD06239-C781-456B-B78B-92CC6F497175}.Debug|Win32.Build.0 = Debug|Win32
		{DCD06239-C781-456B-B78B-92CC6F497175}.Release|Win32.ActiveCfg = Release|Win32
		{DCD06239-C781-456B-B78B-92CC6F497175}.Release|Win32.Build.0 = Release|Win32
		{3FAE1084-BB20-439F-B88B-23168746C924}.Debug|Win32.ActiveCfg = Debug|Win32
		{3FAE1084-BB20-439F-B88B-23168746C924}.Debug|Win32.Build.0 = Debug|Win32
		{3FAE1084-BB20-439F-B88B-23168746C924}.Release|Win32.ActiveCfg = Release|Win32
		{3FAE1084-BB20-439F-B88B-23168746C924}.Release|Win32.Build.0 = Release|Win32
		{BE639B02-7AD5-4288-808F-20E77CDDBC23}.Debug|Win32.ActiveCfg = Debug|Win32
		{BE639B02-7AD5-4288-808F-20E77CDDBC23}.Debug|Win32.Build.0 = Debug|Win32
		{BE639B02-7AD5-4288-808F-20E77CDDBC23}.Release|Win32.ActiveCfg = Release|Win32
		{BE639B02-7AD5-4288-808F-20E77CDDBC23}.Release|Win32.Build.0 = Release|Win32
		{E00BD261-C43D-4FBF-A5F9-D9079CDF8134}.Debug|Win32.ActiveCfg = Debug|Win32
		{E00BD261-C43D-4FBF-A5F9-D9079CDF8134}.Debug|Win32.Build.0 = Debug|Win32
		{E00BD261-C43D-4FBF-A5F9-D9079CDF8134}.Release|Win32.ActiveCfg = Release|Win32
		{E00BD261-C43D-4FBF-A5F9-D9079CDF8134}.Release|Win32.Build.0 = Release|Win32
		{6C81B72B-4D03-4C87-A8F7-39B740F5E090}.Debug|Win32.ActiveCfg = Debug|Win32
		{6C81B72B-4D03-4C87-A8F7-39B740F5E090}.Debug|Win32.Build.0 = Debug|Win32
		{6C81B72B-4D03-4C87-A8F7-39B740F5E090}.Release|Win32.ActiveCfg = Release|Win32
		{6C81B72B-4D03-4C87-A8F7-39B740F5E090}.Release|Win32.Build.0 = Release|Win32
		{C7B3140C-8D62-4DCE-9AD4-EF11E0C79952}.Debug|Win32.ActiveCfg = Debug|Win32
		{C7B3140C-8D62-4DCE-9AD4-EF11E0C79952}.Debug|Win32.Build.0 = Debug|Win32
		{C7B3140C-8D62-4DCE-9AD4-EF11E0C79952}.Release|Win32.ActiveCfg = Release|Win32
		{C7B3140C-8D62-4DCE-9AD4-EF11E0C79952}.Release|Win32.Build.0 = Release|Win32
		{F8005B84-FA6F-4F29-8A47-6C5C0B1B7F37}.Debug|Win32.ActiveCfg = Debug|Win32
		{F8005B84-FA6F-4F29-8A47-6C5C0B1B7F37}.Debug|Win32.Build.0 = Debug|Win32
		{F8005B84-FA6F-4F29-8A47-6C5C0B1B7F37}.Release|Win32.ActiveCfg = Release|Win32
		{F8005B84-FA6F-4F29-8A47-6C5C0B1B7F37}.Release|Win32.Build.0 = Release|Win32
		{709A684F-41EF-42F3-B2D7-D22DF2795C7B}.Debug|Win32.ActiveCfg = Debug|Win32
		{709A684F-41EF-42F3-B2D7-D22DF2795C7B}.Debug|Win32.Build.0 = Debug|Win32
		{709A684F-41EF-42F3-B2D7-D22DF2795C7B}.Release|Win32.ActiveCfg = Release|Win32
		{709A684F-41EF-42F3-B2D7-D22DF2795C7B}.Release|Win32.Build.0 = Release|Win32
		{D8EFABDD-BCC8-4C11-BA4A-5BB5A9AEBE16}.Debug|Win32.ActiveCfg = Debug|Win32
		{D8EFABDD-BCC8-4C11-BA4A-5BB5A9AEBE16}.Debug|Win32.Build.0 = Debug|Win32
		{D8EFABDD-BCC8-4C11-BA4A-5BB5A9AEBE16}.Release|Win32.ActiveCfg = Release|Win32
		{D8EFABDD-BCC8-4C11-BA4A-5BB5A9AEBE16}.Release|Win32.Build.0 = Release|Win32
		{54F3B09D-E414-48D4-B46F-8F0FB14DFE4D}.Debug|Win32.ActiveCfg = Debug|Win32
		{54F3B09D-E414-48D4-B46F-8F0FB14DFE4D}.Debug|Win32.Build.0 = Debug|Win32
		{54F3B09D-E414-48D4-B46F-8F0FB14DFE4D}.Release|Win32.ActiveCfg = Release|Win32
		{54F3B09D-E414-48D4-B46F-8F0FB14DFE4D}.Release|Win32.Build.0 = Release|Win32
		{E0D72108-85BC-4A94-AC40-CF0483C97D78}.Debug|Win32.ActiveCfg = Debug|Win32
		{E0D72108-85BC-4A94-AC40-CF0483C97D78}.Debug|Win32.Build.0 = Debug|Win32
		{E0D72108-85BC-4A94-AC40-CF0483C97D78}.Release|Win32.ActiveCfg = Release|Win32
		{E0D72108-85BC-4A94-AC40-CF0483C97D78}.Release|Win32.Build.0 = Release|Win32
		{39E2FF7E-6D4A-4549-A006-17F9862539CA}.Debug|Win32.ActiveCfg = Debug|Win32
		{39E2FF7E-6D4A-4549-A006-17F9862539CA}.Debug|Win32.Build.0 = Debug|Win32
		{39E2FF7E-6D4A-4549-A006-17F9862539CA}.Release|Win32.ActiveCfg = Release|Win32
		{39E2FF7E-6D4A-4549-A006-17F9862539CA}.Release|Win32.Build.0 = Release|Win32
		{E97ABE71-58E6-4C53-90CA-9AEE457ADC6B}.Debug|Win32.ActiveCfg = Debug|Win32
		{E97ABE71-58E6-4C53-90CA-9AEE457ADC6B}.Debug|Win32.Build.0 = Debug|Win32
		{E97ABE71-58E6-4C53-90CA-9AEE457ADC6B}.Release|Win32.ActiveCfg = Release|Win32
		{E97ABE71-58E6-4C53-90CA-9AEE457ADC6B}.Release|Win32.Build.0 = Release|Win32
		{E7BECDC4-48FC-4339-BF14-214A58C6A949}.Debug|Win32.ActiveCfg = Debug|Win32
		{E7BECDC4-48FC-4339-BF14-214A58C6A949}.Debug|Win32.Build.0 = Debug|Win32
		{E7BECDC4-48FC-4339-BF14-214A58C6A949}.Release|Win32.ActiveCfg = Release|Win32
		{E7BECDC4-48FC-4339-BF14-214A58C6A949}.Release|Win32.Build.0 = Release|Win32
		{97FA80A2-54F9-48C6-AEF9-6ABEA90BA7AA}.Debug|Win32.ActiveCfg = Debug|Win32
		{97FA80A2-54F9-48C6-AEF9-6ABEA90BA7AA}.Debug|Win32.Build.0 = Debug|Win32
		{97FA80A2-54F9-48C6-AEF9-6ABEA90BA7AA}.Release|Win32.ActiveCfg = Release|Win32
		{97FA80A2-54F9-48C6-AEF9-6ABEA90BA7AA}.Release|Win32.Build.0 = Release|Win32
		{5646E86C-719B-48EA-AFDE-692C9308CA78}.Debug|Win32.ActiveCfg = Debug|Win32
		{5646E86C-719B-48EA-AFDE-692C9308CA78}.Debug|Win32.Build.0 = Debug|Win32
		{5646E86C-719B-48EA-AFDE-692C9308CA78}.Release|Win32.ActiveCfg = Release|Win32
		{5646E86C-719B-48EA-AFDE-692C9308CA78}.Release|Win32.Build.0 = Release|Win32
		{613BC5AA-19FF-4FF6-8814-B561C40C1F07}.Debug|Win32.ActiveCfg = Debug|Win32
		{613BC5AA-19FF-4FF6-8814-B561C40C1F07}.Debug|Win32.Build.0 = Debug|Win32
		{613BC5AA-19FF-4FF6-8814-B561C40C1F07}.Release|Win32.ActiveCfg = Release|Win32
		{613BC5AA-19FF-4FF6-8814-B561C40C1F07}.Release|Win32.Build.0 = Release|Win32
		{A62CB2FF-ACB0-4E33-B5C2-15D41F766A1F}.Debug|Win32.ActiveCfg = Debug|Win32
		{A62CB2FF-ACB0-4E33-B5C2-15D41F766A1F}.Debug|Win32.Build.0 = Debug|Win32
		{A62CB2FF-ACB0-4E33-B5C2-15D41F766A1F}.Release|Win32.ActiveCfg = Release|Win32
		{A62CB2FF-ACB0-4E33-B5C2-15D41F766A1F}.Release|Win32.Build.0 = Release|Win32
		{EC42F202-94FD-42E0-B473-5BDD8E5EC002}.Debug|Win32.ActiveCfg = Debug|Win32
		{EC42F202-94FD-42E0-B473-5BDD8E5EC002}.Debug|Win32.Build.0 = Debug|Win32
		{EC42F202-94FD-42E0-B473-5BDD8E5EC002}.Release|Win32.ActiveCfg = Release|Win32
		{EC42F202-94FD-42E0-B473-5BDD8E5EC002}.Release|Win32.Build.0 = Release|Win32
		{433C9BF7-2243-425A-8A2B-B7FA6EBD9632}.Debug|Win32.ActiveCfg = Debug|Win32
		{433C9BF7-2243-425A-8A2B-B7FA6EBD9632}.Debug|Win32.Build.0 = Debug|Win32
		{433C9BF7-2243-425A-8A2B-B7FA6EBD9632}.Release|Win32.ActiveCfg = Release|Win32
		{433C9BF7-2243-425A-8A2B-B7FA6EBD9632}.Release|Win32.Build.0 = Release|Win32
		{62706AF0-E3CF-4A99-AE74-B5CF1510339F}.Debug|Win32.ActiveCfg = Debug|Win32
		{62706AF0-E3CF-4A99-AE74-B5CF1510339F}.Debug|Win32.Build.0 = Debug|Win32
		{62706AF0-E3CF-4A99-AE74-B5CF1510339F}.Release|Win32.ActiveCfg = Release|Win32
		{62706AF0-E3CF-4A99-AE74-B5CF1510339F}.Release|Win32.Build.0 = Release|Win32
		{14848374-4656-4A03-BAF1-2ED291C30C89}.Debug|Win32.ActiveCfg = Debug|Win32
		{14848374-4656-4A03-BAF1-2ED291C30C89}.Debug|Win32.Build.0 = Debug|Win32
		{14848374-4656-4A03-BAF1-2ED291C30C89}.Release|Win32.ActiveCfg = Release|Win32
		{14848374-4656-4A03-BAF1-2ED291C30C89}.Release|Win32.Build.0 = Release|Win32
		{996620DB-14FF-46EA-8A9B-B4485619B63A}.Debug|Win32.ActiveCfg = Debug|Win32
		{996620DB-14FF-46EA-8A9B-B4485619B63A}.Debug|Win32.Build.0 = Debug|Win32
		{996620DB-14FF-46EA-8A9B-B4485619B63A}.Release|Win32.ActiveCfg = Release|Win32
		{996620DB-14FF-46EA-8A9B-B4485619B63A}.Release|Win32.Build.0 = Release|Win32
		{4DAD0103-98A7-4BC0-B96A-5BF4C0149FF7}.Debug|Win32.ActiveCfg = Debug|Win32
		{4DAD0103-98A7-4BC0-B96A-5BF4C0149FF7}.Debug|Win32.Build.0 = Debug|Win32
		{4DAD0103-98A7-4BC0-B96A-5BF4C0149FF7}.Release|Win32.ActiveCfg = Release|Win32
		{4DAD0103-98A7-4BC0-B96A-5BF4C0149FF7}.Release|Win32.Build.0 = Release|Win32
		{125AFD3C-864E-4422-AD00-8B6E73933C6E}.Debug|Win32.ActiveCfg = Debug|Win32
		{125AFD3C-864E-4422-AD00-8B6E73933C6E}.Debug|Win32.Build.0 = Debug|Win32
		{125AFD3C-864E-4422-AD00-8B6E73933C6E}.Release|Win32.ActiveCfg = Release|Win32
		{125AFD3C-864E-4422-AD00-8B6E73933C6E}.Release|Win32.Build.0 = Release|Win32
		{82D22FC0-CCA9-43F9-8346-C09E14A135F7}.Debug|Win32.ActiveCfg = Debug|Win32
		{82D22FC0-CCA9-43F9-8346-C09E14A135F7}.Debug|Win32.Build.0 = Debug|Win32
		{82D22FC0-CCA9-43F9-8346-C09E14A135F7}.Release|Win32.ActiveCfg = Release|Win32
		{82D22FC0-CCA9-43F9-8346-C09E14A135F7}.Release|Win32.Build.0 = Release|Win32
		{63F825E6-082F-4BCF-8414-C8F6389FADC8}.Debug|Win32.ActiveCfg = Debug|Win32
		{63F825E6-082F-4BCF-8414-C8F6389FADC8}.Debug|Win32.Build.0 = Debug|Win32
		{63F825E6-082F-4BCF-8414-C8F6389FADC8}.Release|Win32.ActiveCfg = Release|Win32
		{63F825E6-082F-4BCF-8414-C8F6389FADC8}.Release|Win32.Build.0 = Release|Win32
		{A8AA132D-4A4E-4CCC-95AF-C38242F5F7CA}.Debug|Win32.ActiveCfg = Debug|Win32
		{A8AA132D-4A4E-4CCC-95AF-C38242F5F7CA}.Debug|Win32.Build.0 = Debug|Win32
		{A8AA132D-4A4E-4CCC-95AF-C38242F5F7CA}.Release|Win32.ActiveCfg = Release|Win32
		{A8AA132D-4A4E-4CCC-95AF-C38242F5F7CA}.Release|Win32.Build.0 = Release|Win32
		{D30BFC2D-2ECB-40BE-AA68-EAC351301793}.Debug|Win32.ActiveCfg = Debug|Win32
		{D30BFC2D-2ECB-40BE-AA68-EAC351301793}.Debug|Win32.Build.0 = Debug|Win32
		{D30BFC2D-2ECB-40BE-AA68-EAC351301793}.Release|Win32.ActiveCfg = Release|Win32
		{D30BFC2D-2ECB-40BE-AA68-EAC351301793}.Release|Win32.Build.0 = Release|Win32
		{34E28F94-5AD7-4434-BDB2-EC57FAA328F5}.Debug|Win32.ActiveCfg = Debug|Win32
		{34E28F94-5AD7-4434-BDB2-EC57FAA328F5}.Debug|Win32.Build.0 = Debug|Win32
		{34E28F94-5AD7-4434-BDB2-EC57FAA328F5}.Release|Win32.ActiveCfg = Release|Win32
		{34E28F94-5AD7-4434-BDB2-EC57FAA328F5}.Release|Win32.Build.0 = Release|Win32
		{06AFA9A0-6B94-40AC-8A38-3268DB185CE7}.Debug|Win32.ActiveCfg = Debug|Win32
		{06AFA9A0-6B94-40AC-8A38-3268DB185CE7}.Debug|Win32.Build.0 = Debug|Win32
		{06AFA9A0-6B94-40AC-8A38-3268DB185CE7}.Release|Win32.ActiveCfg = Release|Win32
		{06AFA9A0-6B94-40AC-8A38-3268DB185CE7}.Release|Win32.Build.0 = Release|Win32
		{D006C712-69C9-4F83-9606-954E3E2C392F}.Debug|Win32.ActiveCfg = Debug|Win32
		{D006C712-69C9-4F83-9606-954E3E2C392F}.Debug|Win32.Build.0 = Debug|Win32
		{D006C712-69C9-4F83-9606-954E3E2C392F}.Release|Win32.ActiveCfg = Release|Win32
		{D006C712-69C9-4F83-9606-954E3E2C392F}.Release|Win32.Build.0 = Release|Win32
		{A78AF131-0286-4E8D-A000-B377AF01D739}.Debug|Win32.ActiveCfg = Debug|Win32
		{A78AF131-0286-4E8D-A000-B377AF01D739}.Debug|Win32.Build.0 = Debug|Win32
		{A78AF131-0286-4E8D-A000-B377AF01D739}.Release|Win32.ActiveCfg = Release|Win32
		{A78AF131-0286-4E8D-A000-B377AF01D739}.Release|Win32.Build.0 = Release|Win32
		{A692E339-CBF0-49E1-BEC7-04252522F59E}.Debug|Win32.ActiveCfg = Debug|Win32
		{A692E339-CBF0-49E1-BEC7-04252522F59E}.Debug|Win32.Build.0 = Debug|Win32
		{A692E339-CBF0-49E1-BEC7-04252522F59E}.Release|Win32.ActiveCfg = Release|Win32
		{A692E339-CBF0-49E1-BEC7-04252522F59E}.Release|Win32.Build.0 = Release|Win32
		{97950766-8AE3-46E6-8EE2-1231188458D6}.Debug|Win32.ActiveCfg = Debug|Win32
		{97950766-8AE3-46E6-8EE2-1231188458D6}.Debug|Win32.Build.0 = Debug|Win32
		{97950766-8AE3-46E6-8EE2-1231188458D6}.Release|Win32.ActiveCfg = Release|Win32
		{97950766-8AE3-46E6-8EE2-1231188458D6}.Release|Win32.Build.0 = Release|Win32
		{914CE7FC-07B5-4DD1-B4D8-F9BD35F6D30A}.Debug|Win32.ActiveCfg = Debug|Win32
		{914CE7FC-07B5-4DD1-B4D8-F9BD35F6D30A}.Debug|Win32.Build.0 = Debug|Win32
		{914CE7FC-07B5-4DD1-B4D8-F9BD35F6D30A}.Release|Win32.ActiveCfg = Release|Win32
		{914CE7FC-07B5-4DD1-B4D8-F9BD35F6D30A}.Release|Win32.Build.0 = Release|Win32
		{3DA20FE9-23E5-4B6B-89FF-EEBCD284A1AB}.Debug|Win32.ActiveCfg = Debug|Win32
		{3DA20FE9-23E5-4B6B-89FF-EEBCD284A1AB}.Debug|Win32.Build.0 = Debug|Win32
		{3DA20FE9-23E5-4B6B-89FF-EEBCD284A1AB}.Release|Win32.ActiveCfg = Release|Win32
		{3DA20FE9-23E5-4B6B-89FF-EEBCD284A1AB}.Release|Win32.Build.0 = Release|Win32
		{2B69EE5D-2249-482D-A7BD-69953AFC273F}.Debug|Win32.ActiveCfg = Debug|Win32
		{2B69EE5D-2249-482D-A7BD-69953AFC273F}.Debug|Win32.Build.0 = Debug|Win32
		{2B69EE5D-2249-482D-A7BD-69953AFC273F}.Release|Win32.ActiveCfg = Release|Win32
		{2B69EE5D-2249-482D-A7BD-69953AFC273F}.Release|Win32.Build.0 = Release|Win32
		{159B786A-654E-44CD-9501-8B53938CB3E1}.Debug|Win32.ActiveCfg = Debug|Win32
		{159B786A-654E-44CD-9501-8B53938CB3E1}.Debug|Win32.Build.0 = Debug|Win32
		{159B786A-654E-44CD-9501-8B53938CB3E1}.Release|Win32.ActiveCfg = Release|Win32
		{159B786A-654E-44CD-9501-8B53938CB3E1}.Release|Win32.Build.0 = Release|Win32
		{B14AD9B5-C2BE-4D53-A05D-187B7B04F934}.Debug|Win32.ActiveCfg = Debug|Win32
		{B14AD9B5-C2BE-4D53-A05D-187B7B04F934}.Debug|Win32.Build.0 = Debug|Win32
		{B14AD9B5-C2BE-4D53-A05D-187B7B04F934}.Release|Win32.ActiveCfg = Release|Win32
		{B14AD9B5-C2BE-4D53-A05D-187B7B04F934}.Release|Win32.Build.0 = Release|Win32
		{CDB7151C-2B3D-4559-B830-153AFA4094B3}.Debug|Win32.ActiveCfg = Debug|Win32
		{CDB7151C-2B3D-4559-B830-153AFA4094B3}.Debug|Win32.Build.0 = Debug|Win32
		{CDB7151C-2B3D-4559-B830-153AFA4094B3}.Release|Win32.ActiveCfg = Release|Win32
		{CDB7151C-2B3D-4559-B830-153AFA4094B3}.Release|Win32.Build.0 = Release|Win32
		{3E9A7C61-64C5-4913-9C92-8AF86716CC6A}.Debug|Win32.ActiveCfg = Debug|Win32
		{3E9A7C61-64C5-4913-9C92-8AF86716CC6A}.Debug|Win32.Build.0 = Debug|Win32
		{3E9A7C61-64C5-4913-9C92-8AF86716CC6A}.Release|Win32.ActiveCfg = Release|Win32
		{3E9A7C61-64C5-4913-9C92-8AF86716CC6A}.Release|Win32.Build.0 = Release|Win32
		{7C39DAE3-2339-4763-9091-E64322393579}.Debug|Win32.ActiveCfg = Debug|Win32
		{7C39DAE3-2339-4763-9091-E64322393579}.Debug|Win32.Build.0 = Debug|Win32
		{7C39DAE3-2339-4763-9091-E64322393579}.Release|Win32.ActiveCfg = Release|Win32
		{7C39DAE3-2339-4763-9091-E64322393579}.Release|Win32.Build.0 = Release|Win32
		{F998C79E-D9CE-42CD-B928-7A87A84B394A}.Debug|Win32.ActiveCfg = Debug|Win32
		{F998C79E-D9CE-42CD-B928-7A87A84B394A}.Debug|Win32.Build.0 = Debug|Win32
		{F998C79E-D9CE-42CD-B928-7A87A84B394A}.Release|Win32.ActiveCfg = Release|Win32
		{F998C79E-D9CE-42CD-B928-7A87A84B394A}.Release|Win32.Build.0 = Release|Win32
	EndGlobalSection
	GlobalSection(SolutionProperties) = preSolution
		HideSolutionNode = FALSE
	EndGlobalSection
	GlobalSection(NestedProjects) = preSolution
		{4AB01A80-4750-4A12-A015-A08276DD1458} = {C259BA73-7A95-4267-8381-8B9D18B4E095}
		{6C470066-65E5-4ED8-9F71-8B37BDD83418} = {DE159208-E0C1-40F0-88C5-1D7FB455F86E}
		{3FAE1084-BB20-439F-B88B-23168746C924} = {DE159208-E0C1-40F0-88C5-1D7FB455F86E}
		{C56A18D9-1CEA-406E-BC78-EB00F3919393} = {DE159208-E0C1-40F0-88C5-1D7FB455F86E}
		{BE639B02-7AD5-4288-808F-20E77CDDBC23} = {4F79F916-EE45-4EB1-B269-D7AE0B88D32A}
		{C7B3140C-8D62-4DCE-9AD4-EF11E0C79952} = {4F79F916-EE45-4EB1-B269-D7AE0B88D32A}
		{E00BD261-C43D-4FBF-A5F9-D9079CDF8134} = {4F79F916-EE45-4EB1-B269-D7AE0B88D32A}
		{6C81B72B-4D03-4C87-A8F7-39B740F5E090} = {4F79F916-EE45-4EB1-B269-D7AE0B88D32A}
		{F8005B84-FA6F-4F29-8A47-6C5C0B1B7F37} = {2A7B65F6-F6AA-445C-B4EF-F568471C5FBE}
		{709A684F-41EF-42F3-B2D7-D22DF2795C7B} = {2A7B65F6-F6AA-445C-B4EF-F568471C5FBE}
		{D8EFABDD-BCC8-4C11-BA4A-5BB5A9AEBE16} = {2A7B65F6-F6AA-445C-B4EF-F568471C5FBE}
		{54F3B09D-E414-48D4-B46F-8F0FB14DFE4D} = {CA81F143-FF60-4B59-BFBB-1AD758B5734C}
		{39E2FF7E-6D4A-4549-A006-17F9862539CA} = {CA81F143-FF60-4B59-BFBB-1AD758B5734C}
		{E0D72108-85BC-4A94-AC40-CF0483C97D78} = {CA81F143-FF60-4B59-BFBB-1AD758B5734C}
		{433C9BF7-2243-425A-8A2B-B7FA6EBD9632} = {73C8CA2E-D4A7-4467-9E86-C9402B72E1F6}
		{14848374-4656-4A03-BAF1-2ED291C30C89} = {73C8CA2E-D4A7-4467-9E86-C9402B72E1F6}
		{62706AF0-E3CF-4A99-AE74-B5CF1510339F} = {73C8CA2E-D4A7-4467-9E86-C9402B72E1F6}
		{996620DB-14FF-46EA-8A9B-B4485619B63A} = {4009D1EC-82F3-4429-BFE8-9651E99A3196}
		{82D22FC0-CCA9-43F9-8346-C09E14A135F7} = {4009D1EC-82F3-4429-BFE8-9651E99A3196}
		{4DAD0103-98A7-4BC0-B96A-5BF4C0149FF7} = {4009D1EC-82F3-4429-BFE8-9651E99A3196}
		{125AFD3C-864E-4422-AD00-8B6E73933C6E} = {4009D1EC-82F3-4429-BFE8-9651E99A3196}
		{63F825E6-082F-4BCF-8414-C8F6389FADC8} = {F71069C9-43A0-451A-B89D-8BD6A5149EF8}
		{B155A28C-2BDA-461E-932B-69E60B0B28ED} = {F71069C9-43A0-451A-B89D-8BD6A5149EF8}
		{A8AA132D-4A4E-4CCC-95AF-C38242F5F7CA} = {F71069C9-43A0-451A-B89D-8BD6A5149EF8}
		{D30BFC2D-2ECB-40BE-AA68-EAC351301793} = {2BBD0C79-932B-486E-96EA-478632F1D0A6}
		{D006C712-69C9-4F83-9606-954E3E2C392F} = {2BBD0C79-932B-486E-96EA-478632F1D0A6}
		{34E28F94-5AD7-4434-BDB2-EC57FAA328F5} = {2BBD0C79-932B-486E-96EA-478632F1D0A6}
		{06AFA9A0-6B94-40AC-8A38-3268DB185CE7} = {2BBD0C79-932B-486E-96EA-478632F1D0A6}
		{A78AF131-0286-4E8D-A000-B377AF01D739} = {B882E631-BF78-43BB-8F1E-976676CFA3B2}
		{97950766-8AE3-46E6-8EE2-1231188458D6} = {B882E631-BF78-43BB-8F1E-976676CFA3B2}
		{A692E339-CBF0-49E1-BEC7-04252522F59E} = {B882E631-BF78-43BB-8F1E-976676CFA3B2}
		{914CE7FC-07B5-4DD1-B4D8-F9BD35F6D30A} = {B882E631-BF78-43BB-8F1E-976676CFA3B2}
		{3DA20FE9-23E5-4B6B-89FF-EEBCD284A1AB} = {9C1726BC-93B6-4AAF-974A-0AE1AC44E886}
		{159B786A-654E-44CD-9501-8B53938CB3E1} = {9C1726BC-93B6-4AAF-974A-0AE1AC44E886}
		{2B69EE5D-2249-482D-A7BD-69953AFC273F} = {9C1726BC-93B6-4AAF-974A-0AE1AC44E886}
		{B14AD9B5-C2BE-4D53-A05D-187B7B04F934} = {27086EEC-372E-4321-AE94-8CF99CCA429E}
		{7C39DAE3-2339-4763-9091-E64322393579} = {27086EEC-372E-4321-AE94-8CF99CCA429E}
		{CDB7151C-2B3D-4559-B830-153AFA4094B3} = {27086EEC-372E-4321-AE94-8CF99CCA429E}
		{3E9A7C61-64C5-4913-9C92-8AF86716CC6A} = {27086EEC-372E-4321-AE94-8CF99CCA429E}
		{E97ABE71-58E6-4C53-90CA-9AEE457ADC6B} = {DCF12512-009E-42AC-8267-C684CFD43E78}
		{E7BECDC4-48FC-4339-BF14-214A58C6A949} = {DCF12512-009E-42AC-8267-C684CFD43E78}
		{97FA80A2-54F9-48C6-AEF9-6ABEA90BA7AA} = {B6205DF2-C17C-4425-A052-90D52B10B6B0}
		{EC42F202-94FD-42E0-B473-5BDD8E5EC002} = {B6205DF2-C17C-4425-A052-90D52B10B6B0}
		{5646E86C-719B-48EA-AFDE-692C9308CA78} = {B6205DF2-C17C-4425-A052-90D52B10B6B0}
		{613BC5AA-19FF-4FF6-8814-B561C40C1F07} = {B6205DF2-C17C-4425-A052-90D52B10B6B0}
		{A62CB2FF-ACB0-4E33-B5C2-15D41F766A1F} = {B6205DF2-C17C-4425-A052-90D52B10B6B0}
	EndGlobalSection
EndGlobal
