
Microsoft Visual Studio Solution File, Format Version 9.00
# Visual Studio 2005
Project("{8BC9CEB8-8B4A-11D0-8D11-00A0C91BC942}") = "qhull", "qhull.vcproj", "{7D05854B-D3AB-45BE-BA6C-8D4B9949079A}"
EndProject
Project("{8BC9CEB8-8B4A-11D0-8D11-00A0C91BC942}") = "libgasandbox", "libgasandbox.vcproj", "{7FF252E8-8CB4-43E7-AE1A-AD98D4E5E49D}"
EndProject
Project("{8BC9CEB8-8B4A-11D0-8D11-00A0C91BC942}") = "chap1ex1", "chap1ex1.vcproj", "{4AB01A80-4750-4A12-A015-A08276DD1458}"
	ProjectSection(ProjectDependencies) = postProject
		{7FF252E8-8CB4-43E7-AE1A-AD98D4E5E49D} = {7FF252E8-8CB4-43E7-AE1A-AD98D4E5E49D}
	EndProjectSection
EndProject
Project("{8BC9CEB8-8B4A-11D0-8D11-00A0C91BC942}") = "chap2ex1", "chap2ex1.vcproj", "{6C470066-65E5-4ED8-9F71-8B37BDD83418}"
	ProjectSection(ProjectDependencies) = postProject
		{7FF252E8-8CB4-43E7-AE1A-AD98D4E5E49D} = {7FF252E8-8CB4-43E7-AE1A-AD98D4E5E49D}
	EndProjectSection
EndProject
Project("{8BC9CEB8-8B4A-11D0-8D11-00A0C91BC942}") = "chap2ex2", "chap2ex2.vcproj", "{C56A18D9-1CEA-406E-BC78-EB00F3919393}"
	ProjectSection(ProjectDependencies) = postProject
		{7FF252E8-8CB4-43E7-AE1A-AD98D4E5E49D} = {7FF252E8-8CB4-43E7-AE1A-AD98D4E5E49D}
	EndProjectSection
EndProject
Project("{8BC9CEB8-8B4A-11D0-8D11-00A0C91BC942}") = "chap12ex3", "chap12ex3.vcproj", "{B155A28C-2BDA-461E-932B-69E60B0B28ED}"
	ProjectSection(ProjectDependencies) = postProject
		{7FF252E8-8CB4-43E7-AE1A-AD98D4E5E49D} = {7FF252E8-8CB4-43E7-AE1A-AD98D4E5E49D}
		{DCD06239-C781-456B-B78B-92CC6F497175} = {DCD06239-C781-456B-B78B-92CC6F497175}
	EndProjectSection
EndProject
Project("{8BC9CEB8-8B4A-11D0-8D11-00A0C91BC942}") = "libgasandboxparse", "libgasandboxparse.vcproj", "{DCD06239-C781-456B-B78B-92CC6F497175}"
EndProject
Project("{8BC9CEB8-8B4A-11D0-8D11-00A0C91BC942}") = "chap2ex3", "chap2ex3.vcproj", "{3FAE1084-BB20-439F-B88B-23168746C924}"
	ProjectSection(ProjectDependencies) = postProject
		{7FF252E8-8CB4-43E7-AE1A-AD98D4E5E49D} = {7FF252E8-8CB4-43E7-AE1A-AD98D4E5E49D}
	EndProjectSection
EndProject
Project("{8BC9CEB8-8B4A-11D0-8D11-00A0C91BC942}") = "chap3ex1", "chap3ex1.vcproj", "{BE639B02-7AD5-4288-808F-20E77CDDBC23}"
	ProjectSection(ProjectDependencies) = postProject
		{7FF252E8-8CB4-43E7-AE1A-AD98D4E5E49D} = {7FF252E8-8CB4-43E7-AE1A-AD98D4E5E49D}
	EndProjectSection
EndProject
Project("{8BC9CEB8-8B4A-11D0-8D11-00A0C91BC942}") = "chap3ex2", "chap3ex2.vcproj", "{E00BD261-C43D-4FBF-A5F9-D9079CDF8134}"
	ProjectSection(ProjectDependencies) = postProject
		{7FF252E8-8CB4-43E7-AE1A-AD98D4E5E49D} = {7FF252E8-8CB4-43E7-AE1A-AD98D4E5E49D}
	EndProjectSection
EndProject
Project("{8BC9CEB8-8B4A-11D0-8D11-00A0C91BC942}") = "chap3ex3", "chap3ex3.vcproj", "{6C81B72B-4D03-4C87-A8F7-39B740F5E090}"
	ProjectSection(ProjectDependencies) = postProject
		{7FF252E8-8CB4-43E7-AE1A-AD98D4E5E49D} = {7FF252E8-8CB4-43E7-AE1A-AD98D4E5E49D}
	EndProjectSection
EndProject
Project("{8BC9CEB8-8B4A-11D0-8D11-00A0C91BC942}") = "chap3ex4", "chap3ex4.vcproj", "{C7B3140C-8D62-4DCE-9AD4-EF11E0C79952}"
	ProjectSection(ProjectDependencies) = postProject
		{7FF252E8-8CB4-43E7-AE1A-AD98D4E5E49D} = {7FF252E8-8CB4-43E7-AE1A-AD98D4E5E49D}
	EndProjectSection
EndProject
Project("{8BC9CEB8-8B4A-11D0-8D11-00A0C91BC942}") = "chap4ex1", "chap4ex1.vcproj", "{F8005B84-FA6F-4F29-8A47-6C5C0B1B7F37}"
	ProjectSection(ProjectDependencies) = postProject
		{7FF252E8-8CB4-43E7-AE1A-AD98D4E5E49D} = {7FF252E8-8CB4-43E7-AE1A-AD98D4E5E49D}
	EndProjectSection
EndProject
Project("{8BC9CEB8-8B4A-11D0-8D11-00A0C91BC942}") = "chap4ex3", "chap4ex3.vcproj", "{709A684F-41EF-42F3-B2D7-D22DF2795C7B}"
	ProjectSection(ProjectDependencies) = postProject
		{7FF252E8-8CB4-43E7-AE1A-AD98D4E5E49D} = {7FF252E8-8CB4-43E7-AE1A-AD98D4E5E49D}
	EndProjectSection
EndProject
Project("{8BC9CEB8-8B4A-11D0-8D11-00A0C91BC942}") = "chap4ex2", "chap4ex2.vcproj", "{D8EFABDD-BCC8-4C11-BA4A-5BB5A9AEBE16}"
	ProjectSection(ProjectDependencies) = postProject
		{7FF252E8-8CB4-43E7-AE1A-AD98D4E5E49D} = {7FF252E8-8CB4-43E7-AE1A-AD98D4E5E49D}
	EndProjectSection
EndProject
Project("{8BC9CEB8-8B4A-11D0-8D11-00A0C91BC942}") = "chap5ex1", "chap5ex1.vcproj", "{54F3B09D-E414-48D4-B46F-8F0FB14DFE4D}"
	ProjectSection(ProjectDependencies) = postProject
		{7FF252E8-8CB4-43E7-AE1A-AD98D4E5E49D} = {7FF252E8-8CB4-43E7-AE1A-AD98D4E5E49D}
	EndProjectSection
EndProject
Project("{8BC9CEB8-8B4A-11D0-8D11-00A0C91BC942}") = "chap5ex2", "chap5ex2.vcproj", "{E0D72108-85BC-4A94-AC40-CF0483C97D78}"
	ProjectSection(ProjectDependencies) = postProject
		{7FF252E8-8CB4-43E7-AE1A-AD98D4E5E49D} = {7FF252E8-8CB4-43E7-AE1A-AD98D4E5E49D}
	EndProjectSection
EndProject
Project("{8BC9CEB8-8B4A-11D0-8D11-00A0C91BC942}") = "chap5ex3", "chap5ex3.vcproj", "{39E2FF7E-6D4A-4549-A006-17F9862539CA}"
	ProjectSection(ProjectDependencies) = postProject
		{7FF252E8-8CB4-43E7-AE1A-AD98D4E5E49D} = {7FF252E8-8CB4-43E7-AE1A-AD98D4E5E49D}
	EndProjectSection
EndProject
Project("{8BC9CEB8-8B4A-11D0-8D11-00A0C91BC942}") = "chap6ex1", "chap6ex1.vcproj", "{E97ABE71-58E6-4C53-90CA-9AEE457ADC6B}"
	ProjectSection(ProjectDependencies) = postProject
		{7FF252E8-8CB4-43E7-AE1A-AD98D4E5E49D} = {7FF252E8-8CB4-43E7-AE1A-AD98D4E5E49D}
	EndProjectSection
EndProject
Project("{8BC9CEB8-8B4A-11D0-8D11-00A0C91BC942}") = "chap6ex2", "chap6ex2.vcproj", "{E7BECDC4-48FC-4339-BF14-214A58C6A949}"
	ProjectSection(ProjectDependencies) = postProject
		{7FF252E8-8CB4-43E7-AE1A-AD98D4E5E49D} = {7FF252E8-8CB4-43E7-AE1A-AD98D4E5E49D}
	EndProjectSection
EndProject
Project("{8BC9CEB8-8B4A-11D0-8D11-00A0C91BC942}") = "chap7ex1", "chap7ex1.vcproj", "{97FA80A2-54F9-48C6-AEF9-6ABEA90BA7AA}"
	ProjectSection(ProjectDependencies) = postProject
		{7FF252E8-8CB4-43E7-AE1A-AD98D4E5E49D} = {7FF252E8-8CB4-43E7-AE1A-AD98D4E5E49D}
	EndProjectSection
EndProject
Project("{8BC9CEB8-8B4A-11D0-8D11-00A0C91BC942}") = "chap7ex2", "chap7ex2.vcproj", "{5646E86C-719B-48EA-AFDE-692C9308CA78}"
	ProjectSection(ProjectDependencies) = postProject
		{7FF252E8-8CB4-43E7-AE1A-AD98D4E5E49D} = {7FF252E8-8CB4-43E7-AE1A-AD98D4E5E49D}
	EndProjectSection
EndProject
Project("{8BC9CEB8-8B4A-11D0-8D11-00A0C91BC942}") = "chap7ex3", "chap7ex3.vcproj", "{613BC5AA-19FF-4FF6-8814-B561C40C1F07}"
	ProjectSection(ProjectDependencies) = postProject
		{7FF252E8-8CB4-43E7-AE1A-AD98D4E5E49D} = {7FF252E8-8CB4-43E7-AE1A-AD98D4E5E49D}
	EndProjectSection
EndProject
Project("{8BC9CEB8-8B4A-11D0-8D11-00A0C91BC942}") = "chap7ex4", "chap7ex4.vcproj", "{A62CB2FF-ACB0-4E33-B5C2-15D41F766A1F}"
	ProjectSection(ProjectDependencies) = postProject
		{7FF252E8-8CB4-43E7-AE1A-AD98D4E5E49D} = {7FF252E8-8CB4-43E7-AE1A-AD98D4E5E49D}
	EndProjectSection
EndProject
Project("{8BC9CEB8-8B4A-11D0-8D11-00A0C91BC942}") = "chap7ex5", "chap7ex5.vcproj", "{EC42F202-94FD-42E0-B473-5BDD8E5EC002}"
	ProjectSection(ProjectDependencies) = postProject
		{7FF252E8-8CB4-43E7-AE1A-AD98D4E5E49D} = {7FF252E8-8CB4-43E7-AE1A-AD98D4E5E49D}
	EndProjectSection
EndProject
Global
	GlobalSection(SolutionConfigurationPlatforms) = preSolution
		Debug|Win32 = Debug|Win32
		Release|Win32 = Release|Win32
	EndGlobalSection
	GlobalSection(ProjectConfigurationPlatforms) = postSolution
		{7D05854B-D3AB-45BE-BA6C-8D4B9949079A}.Debug|Win32.ActiveCfg = Debug|Win32
		{7D05854B-D3AB-45BE-BA6C-8D4B9949079A}.Debug|Win32.Build.0 = Debug|Win32
		{7D05854B-D3AB-45BE-BA6C-8D4B9949079A}.Release|Win32.ActiveCfg = Release|Win32
		{7D05854B-D3AB-45BE-BA6C-8D4B9949079A}.Release|Win32.Build.0 = Release|Win32
		{7FF252E8-8CB4-43E7-AE1A-AD98D4E5E49D}.Debug|Win32.ActiveCfg = Debug|Win32
		{7FF252E8-8CB4-43E7-AE1A-AD98D4E5E49D}.Debug|Win32.Build.0 = Debug|Win32
		{7FF252E8-8CB4-43E7-AE1A-AD98D4E5E49D}.Release|Win32.ActiveCfg = Release|Win32
		{7FF252E8-8CB4-43E7-AE1A-AD98D4E5E49D}.Release|Win32.Build.0 = Release|Win32
		{4AB01A80-4750-4A12-A015-A08276DD1458}.Debug|Win32.ActiveCfg = Debug|Win32
		{4AB01A80-4750-4A12-A015-A08276DD1458}.Debug|Win32.Build.0 = Debug|Win32
		{4AB01A80-4750-4A12-A015-A08276DD1458}.Release|Win32.ActiveCfg = Release|Win32
		{4AB01A80-4750-4A12-A015-A08276DD1458}.Release|Win32.Build.0 = Release|Win32
		{6C470066-65E5-4ED8-9F71-8B37BDD83418}.Debug|Win32.ActiveCfg = Debug|Win32
		{6C470066-65E5-4ED8-9F71-8B37BDD83418}.Debug|Win32.Build.0 = Debug|Win32
		{6C470066-65E5-4ED8-9F71-8B37BDD83418}.Release|Win32.ActiveCfg = Release|Win32
		{6C470066-65E5-4ED8-9F71-8B37BDD83418}.Release|Win32.Build.0 = Release|Win32
		{C56A18D9-1CEA-406E-BC78-EB00F3919393}.Debug|Win32.ActiveCfg = Debug|Win32
		{C56A18D9-1CEA-406E-BC78-EB00F3919393}.Debug|Win32.Build.0 = Debug|Win32
		{C56A18D9-1CEA-406E-BC78-EB00F3919393}.Release|Win32.ActiveCfg = Release|Win32
		{C56A18D9-1CEA-406E-BC78-EB00F3919393}.Release|Win32.Build.0 = Release|Win32
		{B155A28C-2BDA-461E-932B-69E60B0B28ED}.Debug|Win32.ActiveCfg = Debug|Win32
		{B155A28C-2BDA-461E-932B-69E60B0B28ED}.Debug|Win32.Build.0 = Debug|Win32
		{B155A28C-2BDA-461E-932B-69E60B0B28ED}.Release|Win32.ActiveCfg = Release|Win32
		{B155A28C-2BDA-461E-932B-69E60B0B28ED}.Release|Win32.Build.0 = Release|Win32
		{DCD06239-C781-456B-B78B-92CC6F497175}.Debug|Win32.ActiveCfg = Debug|Win32
		{DCD06239-C781-456B-B78B-92CC6F497175}.Debug|Win32.Build.0 = Debug|Win32
		{DCD06239-C781-456B-B78B-92CC6F497175}.Release|Win32.ActiveCfg = Release|Win32
		{DCD06239-C781-456B-B78B-92CC6F497175}.Release|Win32.Build.0 = Release|Win32
		{3FAE1084-BB20-439F-B88B-23168746C924}.Debug|Win32.ActiveCfg = Debug|Win32
		{3FAE1084-BB20-439F-B88B-23168746C924}.Debug|Win32.Build.0 = Debug|Win32
		{3FAE1084-BB20-439F-B88B-23168746C924}.Release|Win32.ActiveCfg = Release|Win32
		{3FAE1084-BB20-439F-B88B-23168746C924}.Release|Win32.Build.0 = Release|Win32
		{BE639B02-7AD5-4288-808F-20E77CDDBC23}.Debug|Win32.ActiveCfg = Debug|Win32
		{BE639B02-7AD5-4288-808F-20E77CDDBC23}.Debug|Win32.Build.0 = Debug|Win32
		{BE639B02-7AD5-4288-808F-20E77CDDBC23}.Release|Win32.ActiveCfg = Release|Win32
		{BE639B02-7AD5-4288-808F-20E77CDDBC23}.Release|Win32.Build.0 = Release|Win32
		{E00BD261-C43D-4FBF-A5F9-D9079CDF8134}.Debug|Win32.ActiveCfg = Debug|Win32
		{E00BD261-C43D-4FBF-A5F9-D9079CDF8134}.Debug|Win32.Build.0 = Debug|Win32
		{E00BD261-C43D-4FBF-A5F9-D9079CDF8134}.Release|Win32.ActiveCfg = Release|Win32
		{E00BD261-C43D-4FBF-A5F9-D9079CDF8134}.Release|Win32.Build.0 = Release|Win32
		{6C81B72B-4D03-4C87-A8F7-39B740F5E090}.Debug|Win32.ActiveCfg = Debug|Win32
		{6C81B72B-4D03-4C87-A8F7-39B740F5E090}.Debug|Win32.Build.0 = Debug|Win32
		{6C81B72B-4D03-4C87-A8F7-39B740F5E090}.Release|Win32.ActiveCfg = Release|Win32
		{6C81B72B-4D03-4C87-A8F7-39B740F5E090}.Release|Win32.Build.0 = Release|Win32
		{C7B3140C-8D62-4DCE-9AD4-EF11E0C79952}.Debug|Win32.ActiveCfg = Debug|Win32
		{C7B3140C-8D62-4DCE-9AD4-EF11E0C79952}.Debug|Win32.Build.0 = Debug|Win32
		{C7B3140C-8D62-4DCE-9AD4-EF11E0C79952}.Release|Win32.ActiveCfg = Release|Win32
		{C7B3140C-8D62-4DCE-9AD4-EF11E0C79952}.Release|Win32.Build.0 = Release|Win32
		{F8005B84-FA6F-4F29-8A47-6C5C0B1B7F37}.Debug|Win32.ActiveCfg = Debug|Win32
		{F8005B84-FA6F-4F29-8A47-6C5C0B1B7F37}.Debug|Win32.Build.0 = Debug|Win32
		{F8005B84-FA6F-4F29-8A47-6C5C0B1B7F37}.Release|Win32.ActiveCfg = Release|Win32
		{F8005B84-FA6F-4F29-8A47-6C5C0B1B7F37}.Release|Win32.Build.0 = Release|Win32
		{709A684F-41EF-42F3-B2D7-D22DF2795C7B}.Debug|Win32.ActiveCfg = Debug|Win32
		{709A684F-41EF-42F3-B2D7-D22DF2795C7B}.Debug|Win32.Build.0 = Debug|Win32
		{709A684F-41EF-42F3-B2D7-D22DF2795C7B}.Release|Win32.ActiveCfg = Release|Win32
		{709A684F-41EF-42F3-B2D7-D22DF2795C7B}.Release|Win32.Build.0 = Release|Win32
		{D8EFABDD-BCC8-4C11-BA4A-5BB5A9AEBE16}.Debug|Win32.ActiveCfg = Debug|Win32
		{D8EFABDD-BCC8-4C11-BA4A-5BB5A9AEBE16}.Debug|Win32.Build.0 = Debug|Win32
		{D8EFABDD-BCC8-4C11-BA4A-5BB5A9AEBE16}.Release|Win32.ActiveCfg = Release|Win32
		{D8EFABDD-BCC8-4C11-BA4A-5BB5A9AEBE16}.Release|Win32.Build.0 = Release|Win32
		{54F3B09D-E414-48D4-B46F-8F0FB14DFE4D}.Debug|Win32.ActiveCfg = Debug|Win32
		{54F3B09D-E414-48D4-B46F-8F0FB14DFE4D}.Debug|Win32.Build.0 = Debug|Win32
		{54F3B09D-E414-48D4-B46F-8F0FB14DFE4D}.Release|Win32.ActiveCfg = Release|Win32
		{54F3B09D-E414-48D4-B46F-8F0FB14DFE4D}.Release|Win32.Build.0 = Release|Win32
		{E0D72108-85BC-4A94-AC40-CF0483C97D78}.Debug|Win32.ActiveCfg = Debug|Win32
		{E0D72108-85BC-4A94-AC40-CF0483C97D78}.Debug|Win32.Build.0 = Debug|Win32
		{E0D72108-85BC-4A94-AC40-CF0483C97D78}.Release|Win32.ActiveCfg = Release|Win32
		{E0D72108-85BC-4A94-AC40-CF0483C97D78}.Release|Win32.Build.0 = Release|Win32
		{39E2FF7E-6D4A-4549-A006-17F9862539CA}.Debug|Win32.ActiveCfg = Debug|Win32
		{39E2FF7E-6D4A-4549-A006-17F9862539CA}.Debug|Win32.Build.0 = Debug|Win32
		{39E2FF7E-6D4A-4549-A006-17F9862539CA}.Release|Win32.ActiveCfg = Release|Win32
		{39E2FF7E-6D4A-4549-A006-17F9862539CA}.Release|Win32.Build.0 = Release|Win32
		{E97ABE71-58E6-4C53-90CA-9AEE457ADC6B}.Debug|Win32.ActiveCfg = Debug|Win32
		{E97ABE71-58E6-4C53-90CA-9AEE457ADC6B}.Debug|Win32.Build.0 = Debug|Win32
		{E97ABE71-58E6-4C53-90CA-9AEE457ADC6B}.Release|Win32.ActiveCfg = Release|Win32
		{E97ABE71-58E6-4C53-90CA-9AEE457ADC6B}.Release|Win32.Build.0 = Release|Win32
		{E7BECDC4-48FC-4339-BF14-214A58C6A949}.Debug|Win32.ActiveCfg = Debug|Win32
		{E7BECDC4-48FC-4339-BF14-214A58C6A949}.Debug|Win32.Build.0 = Debug|Win32
		{E7BECDC4-48FC-4339-BF14-214A58C6A949}.Release|Win32.ActiveCfg = Release|Win32
		{E7BECDC4-48FC-4339-BF14-214A58C6A949}.Release|Win32.Build.0 = Release|Win32
		{97FA80A2-54F9-48C6-AEF9-6ABEA90BA7AA}.Debug|Win32.ActiveCfg = Debug|Win32
		{97FA80A2-54F9-48C6-AEF9-6ABEA90BA7AA}.Debug|Win32.Build.0 = Debug|Win32
		{97FA80A2-54F9-48C6-AEF9-6ABEA90BA7AA}.Release|Win32.ActiveCfg = Release|Win32
		{97FA80A2-54F9-48C6-AEF9-6ABEA90BA7AA}.Release|Win32.Build.0 = Release|Win32
		{5646E86C-719B-48EA-AFDE-692C9308CA78}.Debug|Win32.ActiveCfg = Debug|Win32
		{5646E86C-719B-48EA-AFDE-692C9308CA78}.Debug|Win32.Build.0 = Debug|Win32
		{5646E86C-719B-48EA-AFDE-692C9308CA78}.Release|Win32.ActiveCfg = Release|Win32
		{5646E86C-719B-48EA-AFDE-692C9308CA78}.Release|Win32.Build.0 = Release|Win32
		{613BC5AA-19FF-4FF6-8814-B561C40C1F07}.Debug|Win32.ActiveCfg = Debug|Win32
		{613BC5AA-19FF-4FF6-8814-B561C40C1F07}.Debug|Win32.Build.0 = Debug|Win32
		{613BC5AA-19FF-4FF6-8814-B561C40C1F07}.Release|Win32.ActiveCfg = Release|Win32
		{613BC5AA-19FF-4FF6-8814-B561C40C1F07}.Release|Win32.Build.0 = Release|Win32
		{A62CB2FF-ACB0-4E33-B5C2-15D41F766A1F}.Debug|Win32.ActiveCfg = Debug|Win32
		{A62CB2FF-ACB0-4E33-B5C2-15D41F766A1F}.Debug|Win32.Build.0 = Debug|Win32
		{A62CB2FF-ACB0-4E33-B5C2-15D41F766A1F}.Release|Win32.ActiveCfg = Release|Win32
		{A62CB2FF-ACB0-4E33-B5C2-15D41F766A1F}.Release|Win32.Build.0 = Release|Win32
		{EC42F202-94FD-42E0-B473-5BDD8E5EC002}.Debug|Win32.ActiveCfg = Debug|Win32
		{EC42F202-94FD-42E0-B473-5BDD8E5EC002}.Debug|Win32.Build.0 = Debug|Win32
		{EC42F202-94FD-42E0-B473-5BDD8E5EC002}.Release|Win32.ActiveCfg = Release|Win32
		{EC42F202-94FD-42E0-B473-5BDD8E5EC002}.Release|Win32.Build.0 = Release|Win32
	EndGlobalSection
	GlobalSection(SolutionProperties) = preSolution
		HideSolutionNode = FALSE
	EndGlobalSection
EndGlobal
