
Microsoft Visual Studio Solution File, Format Version 9.00
# Visual Studio 2005
Project("{8BC9CEB8-8B4A-11D0-8D11-00A0C91BC942}") = "chap4ex1", "chap4ex1.vcproj", "{E74F1BE7-6102-4EA9-A052-C62059EDC7B0}"
EndProject
Global
	GlobalSection(SolutionConfigurationPlatforms) = preSolution
		Debug|Win32 = Debug|Win32
		Release|Win32 = Release|Win32
	EndGlobalSection
	GlobalSection(ProjectConfigurationPlatforms) = postSolution
		{E74F1BE7-6102-4EA9-A052-C62059EDC7B0}.Debug|Win32.ActiveCfg = Debug|Win32
		{E74F1BE7-6102-4EA9-A052-C62059EDC7B0}.Debug|Win32.Build.0 = Debug|Win32
		{E74F1BE7-6102-4EA9-A052-C62059EDC7B0}.Release|Win32.ActiveCfg = Release|Win32
		{E74F1BE7-6102-4EA9-A052-C62059EDC7B0}.Release|Win32.Build.0 = Release|Win32
	EndGlobalSection
	GlobalSection(SolutionProperties) = preSolution
		HideSolutionNode = FALSE
	EndGlobalSection
EndGlobal
