Microsoft Visual Studio Solution File, Format Version 8.00
Project("{8BC9CEB8-8B4A-11D0-8D11-00A0C91BC942}") = "chap2ex1", "chap2ex1.vcproj", "{3383ACF7-F226-452C-8457-47D1443A56A6}"
	ProjectSection(ProjectDependencies) = postProject
		{FA5DC3A9-AA89-4F04-9F78-38727225F84C} = {FA5DC3A9-AA89-4F04-9F78-38727225F84C}
	EndProjectSection
EndProject
Project("{8BC9CEB8-8B4A-11D0-8D11-00A0C91BC942}") = "chap2ex2", "chap2ex2.vcproj", "{0B05A64E-EFCF-47D1-8E40-5BAAEF066A03}"
	ProjectSection(ProjectDependencies) = postProject
		{FA5DC3A9-AA89-4F04-9F78-38727225F84C} = {FA5DC3A9-AA89-4F04-9F78-38727225F84C}
	EndProjectSection
EndProject
Project("{8BC9CEB8-8B4A-11D0-8D11-00A0C91BC942}") = "libgasandbox", "libgasandbox.vcproj", "{FA5DC3A9-AA89-4F04-9F78-38727225F84C}"
	ProjectSection(ProjectDependencies) = postProject
	EndProjectSection
EndProject
Project("{8BC9CEB8-8B4A-11D0-8D11-00A0C91BC942}") = "chap2ex3", "chap2ex3.vcproj", "{8BFA75D3-DF19-4792-89B6-3A7CAE60B90B}"
	ProjectSection(ProjectDependencies) = postProject
		{FA5DC3A9-AA89-4F04-9F78-38727225F84C} = {FA5DC3A9-AA89-4F04-9F78-38727225F84C}
	EndProjectSection
EndProject
Project("{8BC9CEB8-8B4A-11D0-8D11-00A0C91BC942}") = "gaigen2hp", "gaigen2hp.vcproj", "{8BFA75D3-DF19-4792-89B6-3A7CAE60B90B}"
	ProjectSection(ProjectDependencies) = postProject
		{FA5DC3A9-AA89-4F04-9F78-38727225F84C} = {FA5DC3A9-AA89-4F04-9F78-38727225F84C}
	EndProjectSection
EndProject
Project("{8BC9CEB8-8B4A-11D0-8D11-00A0C91BC942}") = "chap3ex1", "chap3ex1.vcproj", "{3383ACF7-F226-452C-8457-47D1443A56A6}"
	ProjectSection(ProjectDependencies) = postProject
		{FA5DC3A9-AA89-4F04-9F78-38727225F84C} = {FA5DC3A9-AA89-4F04-9F78-38727225F84C}
	EndProjectSection
EndProject
Project("{8BC9CEB8-8B4A-11D0-8D11-00A0C91BC942}") = "chap3ex2", "chap3ex2.vcproj", "{0B05A64E-EFCF-47D1-8E40-5BAAEF066A03}"
	ProjectSection(ProjectDependencies) = postProject
		{FA5DC3A9-AA89-4F04-9F78-38727225F84C} = {FA5DC3A9-AA89-4F04-9F78-38727225F84C}
	EndProjectSection
EndProject
Global
	GlobalSection(SolutionConfiguration) = preSolution
		Debug = Debug
		Release = Release
	EndGlobalSection
	GlobalSection(ProjectConfiguration) = postSolution
		{3383ACF7-F226-452C-8457-47D1443A56A6}.Debug.ActiveCfg = Debug|Win32
		{3383ACF7-F226-452C-8457-47D1443A56A6}.Debug.Build.0 = Debug|Win32
		{3383ACF7-F226-452C-8457-47D1443A56A6}.Release.ActiveCfg = Release|Win32
		{3383ACF7-F226-452C-8457-47D1443A56A6}.Release.Build.0 = Release|Win32
		{0B05A64E-EFCF-47D1-8E40-5BAAEF066A03}.Debug.ActiveCfg = Debug|Win32
		{0B05A64E-EFCF-47D1-8E40-5BAAEF066A03}.Debug.Build.0 = Debug|Win32
		{0B05A64E-EFCF-47D1-8E40-5BAAEF066A03}.Release.ActiveCfg = Release|Win32
		{0B05A64E-EFCF-47D1-8E40-5BAAEF066A03}.Release.Build.0 = Release|Win32
		{FA5DC3A9-AA89-4F04-9F78-38727225F84C}.Debug.ActiveCfg = Debug|Win32
		{FA5DC3A9-AA89-4F04-9F78-38727225F84C}.Debug.Build.0 = Debug|Win32
		{FA5DC3A9-AA89-4F04-9F78-38727225F84C}.Release.ActiveCfg = Release|Win32
		{FA5DC3A9-AA89-4F04-9F78-38727225F84C}.Release.Build.0 = Release|Win32
		{8BFA75D3-DF19-4792-89B6-3A7CAE60B90B}.Debug.ActiveCfg = Debug|Win32
		{8BFA75D3-DF19-4792-89B6-3A7CAE60B90B}.Debug.Build.0 = Debug|Win32
		{8BFA75D3-DF19-4792-89B6-3A7CAE60B90B}.Release.ActiveCfg = Release|Win32
		{8BFA75D3-DF19-4792-89B6-3A7CAE60B90B}.Release.Build.0 = Release|Win32
		{8BFA75D3-DF19-4792-89B6-3A7CAE60B90B}.Debug.ActiveCfg = Debug|Win32
		{8BFA75D3-DF19-4792-89B6-3A7CAE60B90B}.Debug.Build.0 = Debug|Win32
		{8BFA75D3-DF19-4792-89B6-3A7CAE60B90B}.Release.ActiveCfg = Release|Win32
		{8BFA75D3-DF19-4792-89B6-3A7CAE60B90B}.Release.Build.0 = Release|Win32
		{3383ACF7-F226-452C-8457-47D1443A56A6}.Debug.ActiveCfg = Debug|Win32
		{3383ACF7-F226-452C-8457-47D1443A56A6}.Debug.Build.0 = Debug|Win32
		{3383ACF7-F226-452C-8457-47D1443A56A6}.Release.ActiveCfg = Release|Win32
		{3383ACF7-F226-452C-8457-47D1443A56A6}.Release.Build.0 = Release|Win32
		{0B05A64E-EFCF-47D1-8E40-5BAAEF066A03}.Debug.ActiveCfg = Debug|Win32
		{0B05A64E-EFCF-47D1-8E40-5BAAEF066A03}.Debug.Build.0 = Debug|Win32
		{0B05A64E-EFCF-47D1-8E40-5BAAEF066A03}.Release.ActiveCfg = Release|Win32
		{0B05A64E-EFCF-47D1-8E40-5BAAEF066A03}.Release.Build.0 = Release|Win32
	EndGlobalSection
	GlobalSection(ExtensibilityGlobals) = postSolution
	EndGlobalSection
	GlobalSection(ExtensibilityAddIns) = postSolution
	EndGlobalSection
EndGlobal
