Microsoft Visual Studio Solution File, Format Version 8.00
Project("{8BC9CEB8-8B4A-11D0-8D11-00A0C91BC942}") = "chap2ex1", "chap2ex1.vcproj", "{3383ACF7-F226-452C-8457-47D1443A56A6}"
	ProjectSection(ProjectDependencies) = postProject
		{FA5DC3A9-AA89-4F04-9F78-38727225F84C} = {FA5DC3A9-AA89-4F04-9F78-38727225F84C}
	EndProjectSection
EndProject
Project("{8BC9CEB8-8B4A-11D0-8D11-00A0C91BC942}") = "chap2ex2", "chap2ex2.vcproj", "{0B05A64E-EFCF-47D1-8E40-5BAAEF066A03}"
	ProjectSection(ProjectDependencies) = postProject
		{FA5DC3A9-AA89-4F04-9F78-38727225F84C} = {FA5DC3A9-AA89-4F04-9F78-38727225F84C}
	EndProjectSection
EndProject
Project("{8BC9CEB8-8B4A-11D0-8D11-00A0C91BC942}") = "libgasandbox", "libgasandbox.vcproj", "{FA5DC3A9-AA89-4F04-9F78-38727225F84C}"
	ProjectSection(ProjectDependencies) = postProject
	EndProjectSection
EndProject
Project("{8BC9CEB8-8B4A-11D0-8D11-00A0C91BC942}") = "chap2ex3", "chap2ex3.vcproj", "{8BFA75D3-DF19-4792-89B6-3A7CAE60B90B}"
	ProjectSection(ProjectDependencies) = postProject
		{FA5DC3A9-AA89-4F04-9F78-38727225F84C} = {FA5DC3A9-AA89-4F04-9F78-38727225F84C}
	EndProjectSection
EndProject
Project("{8BC9CEB8-8B4A-11D0-8D11-00A0C91BC942}") = "gaigen2hp", "gaigen2hp.vcproj", "{8BFA75D3-DF19-4792-89B6-3A7CAE60B90B}"
	ProjectSection(ProjectDependencies) = postProject
		{FA5DC3A9-AA89-4F04-9F78-38727225F84C} = {FA5DC3A9-AA89-4F04-9F78-38727225F84C}
	EndProjectSection
EndProject
Project("{8BC9CEB8-8B4A-11D0-8D11-00A0C91BC942}") = "chap3ex1", "chap3ex1.vcproj", "{3383ACF7-F226-452C-8457-47D1443A56A6}"
	ProjectSection(ProjectDependencies) = postProject
		{FA5DC3A9-AA89-4F04-9F78-38727225F84C} = {FA5DC3A9-AA89-4F04-9F78-38727225F84C}
	EndProjectSection
EndProject
Project("{8BC9CEB8-8B4A-11D0-8D11-00A0C91BC942}") = "chap3ex2", "chap3ex2.vcproj", "{0B05A64E-EFCF-47D1-8E40-5BAAEF066A03}"
	ProjectSection(ProjectDependencies) = postProject
		{FA5DC3A9-AA89-4F04-9F78-38727225F84C} = {FA5DC3A9-AA89-4F04-9F78-38727225F84C}
	EndProjectSection
EndProject
Project("{8BC9CEB8-8B4A-11D0-8D11-00A0C91BC942}") = "chap3ex3", "chap3ex3.vcproj", "{B5F36C4C-5E7F-4442-B8B3-1A52C112C1B8}"
	ProjectSection(ProjectDependencies) = postProject
		{FA5DC3A9-AA89-4F04-9F78-38727225F84C} = {FA5DC3A9-AA89-4F04-9F78-38727225F84C}
	EndProjectSection
EndProject
Project("{8BC9CEB8-8B4A-11D0-8D11-00A0C91BC942}") = "chap3ex4", "chap3ex4.vcproj", "{B5F36C4C-5E7F-4442-B8B3-1A52C112C1B8}"
	ProjectSection(ProjectDependencies) = postProject
		{FA5DC3A9-AA89-4F04-9F78-38727225F84C} = {FA5DC3A9-AA89-4F04-9F78-38727225F84C}
	EndProjectSection
EndProject
Project("{8BC9CEB8-8B4A-11D0-8D11-00A0C91BC942}") = "chap4ex1", "chap4ex1.vcproj", "{B5F36C4C-5E7F-4442-B8B3-1A52C112C1B8}"
	ProjectSection(ProjectDependencies) = postProject
		{FA5DC3A9-AA89-4F04-9F78-38727225F84C} = {FA5DC3A9-AA89-4F04-9F78-38727225F84C}
	EndProjectSection
EndProject
Project("{8BC9CEB8-8B4A-11D0-8D11-00A0C91BC942}") = "chap4ex2", "chap4ex2.vcproj", "{B5F36C4C-5E7F-4442-B8B3-1A52C112C1B8}"
	ProjectSection(ProjectDependencies) = postProject
		{FA5DC3A9-AA89-4F04-9F78-38727225F84C} = {FA5DC3A9-AA89-4F04-9F78-38727225F84C}
	EndProjectSection
EndProject
Project("{8BC9CEB8-8B4A-11D0-8D11-00A0C91BC942}") = "chap4ex3", "chap4ex3.vcproj", "{0B05A64E-EFCF-47D1-8E40-5BAAEF066A03}"
	ProjectSection(ProjectDependencies) = postProject
		{FA5DC3A9-AA89-4F04-9F78-38727225F84C} = {FA5DC3A9-AA89-4F04-9F78-38727225F84C}
	EndProjectSection
EndProject
Project("{8BC9CEB8-8B4A-11D0-8D11-00A0C91BC942}") = "chap5ex1", "chap5ex1.vcproj", "{B5F36C4C-5E7F-4442-B8B3-1A52C112C1B8}"
	ProjectSection(ProjectDependencies) = postProject
		{FA5DC3A9-AA89-4F04-9F78-38727225F84C} = {FA5DC3A9-AA89-4F04-9F78-38727225F84C}
	EndProjectSection
EndProject
Project("{8BC9CEB8-8B4A-11D0-8D11-00A0C91BC942}") = "chap5ex2", "chap5ex2.vcproj", "{B5F36C4C-5E7F-4442-B8B3-1A52C112C1B8}"
	ProjectSection(ProjectDependencies) = postProject
		{FA5DC3A9-AA89-4F04-9F78-38727225F84C} = {FA5DC3A9-AA89-4F04-9F78-38727225F84C}
	EndProjectSection
EndProject
Project("{8BC9CEB8-8B4A-11D0-8D11-00A0C91BC942}") = "chap5ex3", "chap5ex3.vcproj", "{B5F36C4C-5E7F-4442-B8B3-1A52C112C1B8}"
	ProjectSection(ProjectDependencies) = postProject
		{FA5DC3A9-AA89-4F04-9F78-38727225F84C} = {FA5DC3A9-AA89-4F04-9F78-38727225F84C}
	EndProjectSection
EndProject
Project("{8BC9CEB8-8B4A-11D0-8D11-00A0C91BC942}") = "chap6ex1", "chap6ex1.vcproj", "{B5F36C4C-5E7F-4442-B8B3-1A52C112C1B8}"
	ProjectSection(ProjectDependencies) = postProject
		{FA5DC3A9-AA89-4F04-9F78-38727225F84C} = {FA5DC3A9-AA89-4F04-9F78-38727225F84C}
	EndProjectSection
EndProject
Project("{8BC9CEB8-8B4A-11D0-8D11-00A0C91BC942}") = "chap6ex2", "chap6ex2.vcproj", "{B5F36C4C-5E7F-4442-B8B3-1A52C112C1B8}"
	ProjectSection(ProjectDependencies) = postProject
		{FA5DC3A9-AA89-4F04-9F78-38727225F84C} = {FA5DC3A9-AA89-4F04-9F78-38727225F84C}
	EndProjectSection
EndProject
Project("{8BC9CEB8-8B4A-11D0-8D11-00A0C91BC942}") = "chap7ex1", "chap7ex1.vcproj", "{B5F36C4C-5E7F-4442-B8B3-1A52C112C1B8}"
	ProjectSection(ProjectDependencies) = postProject
		{FA5DC3A9-AA89-4F04-9F78-38727225F84C} = {FA5DC3A9-AA89-4F04-9F78-38727225F84C}
	EndProjectSection
EndProject
Project("{8BC9CEB8-8B4A-11D0-8D11-00A0C91BC942}") = "chap7ex2", "chap7ex2.vcproj", "{B5F36C4C-5E7F-4442-B8B3-1A52C112C1B8}"
	ProjectSection(ProjectDependencies) = postProject
		{FA5DC3A9-AA89-4F04-9F78-38727225F84C} = {FA5DC3A9-AA89-4F04-9F78-38727225F84C}
	EndProjectSection
EndProject
Project("{8BC9CEB8-8B4A-11D0-8D11-00A0C91BC942}") = "chap7ex3", "chap7ex3.vcproj", "{B5F36C4C-5E7F-4442-B8B3-1A52C112C1B8}"
	ProjectSection(ProjectDependencies) = postProject
		{FA5DC3A9-AA89-4F04-9F78-38727225F84C} = {FA5DC3A9-AA89-4F04-9F78-38727225F84C}
	EndProjectSection
EndProject
Project("{8BC9CEB8-8B4A-11D0-8D11-00A0C91BC942}") = "chap7ex4", "chap7ex4.vcproj", "{B5F36C4C-5E7F-4442-B8B3-1A52C112C1B8}"
	ProjectSection(ProjectDependencies) = postProject
		{FA5DC3A9-AA89-4F04-9F78-38727225F84C} = {FA5DC3A9-AA89-4F04-9F78-38727225F84C}
	EndProjectSection
EndProject
Project("{8BC9CEB8-8B4A-11D0-8D11-00A0C91BC942}") = "chap10ex1", "chap10ex1.vcproj", "{B5F36C4C-5E7F-4442-B8B3-1A52C112C1B8}"
	ProjectSection(ProjectDependencies) = postProject
		{FA5DC3A9-AA89-4F04-9F78-38727225F84C} = {FA5DC3A9-AA89-4F04-9F78-38727225F84C}
	EndProjectSection
EndProject
Project("{8BC9CEB8-8B4A-11D0-8D11-00A0C91BC942}") = "chap10ex2", "chap10ex2.vcproj", "{B5F36C4C-5E7F-4442-B8B3-1A52C112C1B8}"
	ProjectSection(ProjectDependencies) = postProject
		{FA5DC3A9-AA89-4F04-9F78-38727225F84C} = {FA5DC3A9-AA89-4F04-9F78-38727225F84C}
	EndProjectSection
EndProject
Project("{8BC9CEB8-8B4A-11D0-8D11-00A0C91BC942}") = "chap10ex3", "chap10ex3.vcproj", "{B5F36C4C-5E7F-4442-B8B3-1A52C112C1B8}"
	ProjectSection(ProjectDependencies) = postProject
		{FA5DC3A9-AA89-4F04-9F78-38727225F84C} = {FA5DC3A9-AA89-4F04-9F78-38727225F84C}
		{FA5DC3A9-AA89-4F04-9F78-38727225F84D} = {FA5DC3A9-AA89-4F04-9F78-38727225F84D}
	EndProjectSection
EndProject
Project("{8BC9CEB8-8B4A-11D0-8D11-00A0C91BC942}") = "libgasandboxparse", "libgasandboxparse.vcproj", "{FA5DC3A9-AA89-4F04-9F78-38727225F84D}"
	ProjectSection(ProjectDependencies) = postProject
	EndProjectSection
EndProject
Project("{8BC9CEB8-8B4A-11D0-8D11-00A0C91BC942}") = "chap11ex1", "chap11ex1.vcproj", "{B5F36C4C-5E7F-4442-B8B3-1A52C212C1C4}"
	ProjectSection(ProjectDependencies) = postProject
		{FA5DC3A9-AA89-4F04-9F78-38727225F84C} = {FA5DC3A9-AA89-4F04-9F78-38727225F84C}
	EndProjectSection
EndProject
Project("{8BC9CEB8-8B4A-11D0-8D11-00A0C91BC942}") = "chap7ex5", "chap7ex5.vcproj", "{B5F36C4C-5E7F-4442-B8B3-1A52C112C1BC}"
	ProjectSection(ProjectDependencies) = postProject
		{FA5DC3A9-AA89-4F04-9F78-38727225F84C} = {FA5DC3A9-AA89-4F04-9F78-38727225F84C}
	EndProjectSection
EndProject
Project("{8BC9CEB8-8B4A-11D0-8D11-00A0C91BC942}") = "chap11ex2", "chap11ex2.vcproj", "{B5F36C4C-5E7F-4442-B8B3-1A52C212C1C5}"
	ProjectSection(ProjectDependencies) = postProject
		{FA5DC3A9-AA89-4F04-9F78-38727225F84C} = {FA5DC3A9-AA89-4F04-9F78-38727225F84C}
	EndProjectSection
EndProject
Project("{8BC9CEB8-8B4A-11D0-8D11-00A0C91BC942}") = "chap11ex3", "chap11ex3.vcproj", "{B5F36C4C-5E7F-4442-B8B3-1A52C212C1C6}"
	ProjectSection(ProjectDependencies) = postProject
		{FA5DC3A9-AA89-4F04-9F78-38727225F84C} = {FA5DC3A9-AA89-4F04-9F78-38727225F84C}
	EndProjectSection
EndProject
Project("{8BC9CEB8-8B4A-11D0-8D11-00A0C91BC942}") = "chap11ex4", "chap11ex4.vcproj", "{B5F36C4C-5E7F-4442-B8B3-1A52C212C2C6}"
	ProjectSection(ProjectDependencies) = postProject
		{FA5DC3A9-AA89-4F04-9F78-38727225F84C} = {FA5DC3A9-AA89-4F04-9F78-38727225F84C}
	EndProjectSection
EndProject
Project("{8BC9CEB8-8B4A-11D0-8D11-00A0C91BC942}") = "chap1ex1", "chap1ex1.vcproj", "{3383ACF7-F226-452C-8457-47D1543B56B7}"
	ProjectSection(ProjectDependencies) = postProject
		{FA5DC3A9-AA89-4F04-9F78-38727225F84C} = {FA5DC3A9-AA89-4F04-9F78-38727225F84C}
	EndProjectSection
EndProject
Project("{8BC9CEB8-8B4A-11D0-8D11-00A0C91BC942}") = "chap13ex1", "chap13ex1.vcproj", "{B5F36C4C-5E7F-4442-B8B3-1A52C223C1C0}"
	ProjectSection(ProjectDependencies) = postProject
		{FA5DC3A9-AA89-4F04-9F78-38727225F84C} = {FA5DC3A9-AA89-4F04-9F78-38727225F84C}
	EndProjectSection
EndProject
Project("{8BC9CEB8-8B4A-11D0-8D11-00A0C91BC942}") = "chap13ex2", "chap13ex2.vcproj", "{B5F36C4C-5E7F-4442-B8B3-1B62C212C1C5}"
	ProjectSection(ProjectDependencies) = postProject
		{FA5DC3A9-AA89-4F04-9F78-38727225F84C} = {FA5DC3A9-AA89-4F04-9F78-38727225F84C}
	EndProjectSection
EndProject
Project("{8BC9CEB8-8B4A-11D0-8D11-00A0C91BC942}") = "chap13ex3", "chap13ex3.vcproj", "{B5F36C4C-5E7F-4442-B8B3-1B42C212C4C6}"
	ProjectSection(ProjectDependencies) = postProject
		{FA5DC3A9-AA89-4F04-9F78-38727225F84C} = {FA5DC3A9-AA89-4F04-9F78-38727225F84C}
	EndProjectSection
EndProject
Project("{8BC9CEB8-8B4A-11D0-8D11-00A0C91BC942}") = "chap13ex4", "chap13ex4.vcproj", "{B5F36C4C-5E7F-4442-B8B3-1B42B112C4C6}"
	ProjectSection(ProjectDependencies) = postProject
		{FA5DC3A9-AA89-4F04-9F78-38727225F84C} = {FA5DC3A9-AA89-4F04-9F78-38727225F84C}
	EndProjectSection
EndProject
Project("{8BC9CEB8-8B4A-11D0-8D11-00A0C91BC942}") = "qhull", "..\qhull-2003.1\vs.net\qhull.vcproj", "{077A4370-606C-4AD0-AC41-A1BDBA4CC6B2}"
	ProjectSection(ProjectDependencies) = postProject
	EndProjectSection
EndProject
Project("{8BC9CEB8-8B4A-11D0-8D11-00A0C91BC942}") = "chap14ex1", "chap14ex1.vcproj", "{B5F36C4C-5E7F-4442-B8B3-3C52C212C1C4}"
	ProjectSection(ProjectDependencies) = postProject
		{077A4370-606C-4AD0-AC41-A1BDBA4CC6B2} = {077A4370-606C-4AD0-AC41-A1BDBA4CC6B2}
		{FA5DC3A9-AA89-4F04-9F78-38727225F84C} = {FA5DC3A9-AA89-4F04-9F78-38727225F84C}
	EndProjectSection
EndProject
Project("{8BC9CEB8-8B4A-11D0-8D11-00A0C91BC942}") = "chap14ex2", "chap14ex2.vcproj", "{B5F36C4C-5E7F-4442-B8B3-3C52D322C1C4}"
	ProjectSection(ProjectDependencies) = postProject
		{FA5DC3A9-AA89-4F04-9F78-38727225F84C} = {FA5DC3A9-AA89-4F04-9F78-38727225F84C}
	EndProjectSection
EndProject
Project("{8BC9CEB8-8B4A-11D0-8D11-00A0C91BC942}") = "chap14ex3", "chap14ex3.vcproj", "{B5F36C4C-5E7F-4442-B8B3-4D62D322C1C4}"
	ProjectSection(ProjectDependencies) = postProject
		{FA5DC3A9-AA89-4F04-9F78-38727225F84C} = {FA5DC3A9-AA89-4F04-9F78-38727225F84C}
	EndProjectSection
EndProject
Project("{8BC9CEB8-8B4A-11D0-8D11-00A0C91BC942}") = "chap14ex4", "chap14ex4.vcproj", "{B5F36C4C-5E7F-4442-B8B3-3C52D333B1C4}"
	ProjectSection(ProjectDependencies) = postProject
		{FA5DC3A9-AA89-4F04-9F78-38727225F84C} = {FA5DC3A9-AA89-4F04-9F78-38727225F84C}
	EndProjectSection
EndProject
Project("{8BC9CEB8-8B4A-11D0-8D11-00A0C91BC942}") = "chap16ex1", "chap16ex1.vcproj", "{B5F36C4C-5E7F-4442-B8B3-3C52C636C1C4}"
	ProjectSection(ProjectDependencies) = postProject
		{FA5DC3A9-AA89-4F04-9F78-38727225F84C} = {FA5DC3A9-AA89-4F04-9F78-38727225F84C}
	EndProjectSection
EndProject
Project("{8BC9CEB8-8B4A-11D0-8D11-00A0C91BC942}") = "chap16ex2", "chap16ex2.vcproj", "{B5F36C4C-5E7F-4442-B8B3-1A52C223D2D0}"
	ProjectSection(ProjectDependencies) = postProject
		{FA5DC3A9-AA89-4F04-9F78-38727225F84C} = {FA5DC3A9-AA89-4F04-9F78-38727225F84C}
	EndProjectSection
EndProject
Project("{8BC9CEB8-8B4A-11D0-8D11-00A0C91BC942}") = "chap16ex3", "chap16ex3.vcproj", "{B5F36C4C-5E7F-4442-B8B3-1B42B667F4C6}"
	ProjectSection(ProjectDependencies) = postProject
		{FA5DC3A9-AA89-4F04-9F78-38727225F84C} = {FA5DC3A9-AA89-4F04-9F78-38727225F84C}
	EndProjectSection
EndProject
Project("{8BC9CEB8-8B4A-11D0-8D11-00A0C91BC942}") = "chap16ex4", "chap16ex4.vcproj", "{B5F36C4C-5E7F-4442-B8B3-1C33A112C4C6}"
	ProjectSection(ProjectDependencies) = postProject
		{FA5DC3A9-AA89-4F04-9F78-38727225F84C} = {FA5DC3A9-AA89-4F04-9F78-38727225F84C}
	EndProjectSection
EndProject
Project("{8BC9CEB8-8B4A-11D0-8D11-00A0C91BC942}") = "chap15ex1", "chap15ex1.vcproj", "{B5F36C4C-5E7F-4442-B8B3-3C52D266E2D5}"
	ProjectSection(ProjectDependencies) = postProject
		{FA5DC3A9-AA89-4F04-9F78-38727225F84C} = {FA5DC3A9-AA89-4F04-9F78-38727225F84C}
	EndProjectSection
EndProject
Project("{8BC9CEB8-8B4A-11D0-8D11-00A0C91BC942}") = "chap15ex2", "chap15ex2.vcproj", "{B5F36C4C-5E7F-4442-B8B3-3C52D266D1C4}"
	ProjectSection(ProjectDependencies) = postProject
		{FA5DC3A9-AA89-4F04-9F78-38727225F84C} = {FA5DC3A9-AA89-4F04-9F78-38727225F84C}
	EndProjectSection
EndProject
Project("{8BC9CEB8-8B4A-11D0-8D11-00A0C91BC942}") = "chap15ex3", "chap15ex3.vcproj", "{B5F36C4C-5E7F-4442-B8B3-3D2D1266D1C4}"
	ProjectSection(ProjectDependencies) = postProject
		{FA5DC3A9-AA89-4F04-9F78-38727225F84C} = {FA5DC3A9-AA89-4F04-9F78-38727225F84C}
	EndProjectSection
EndProject
Project("{8BC9CEB8-8B4A-11D0-8D11-00A0C91BC942}") = "chap12ex1", "chap12ex1.vcproj", "{B5F36C4C-5E7F-4442-B8B3-1A52C212C1C4}"
	ProjectSection(ProjectDependencies) = postProject
		{FA5DC3A9-AA89-4F04-9F78-38727225F84C} = {FA5DC3A9-AA89-4F04-9F78-38727225F84C}
	EndProjectSection
EndProject
Project("{8BC9CEB8-8B4A-11D0-8D11-00A0C91BC942}") = "chap12ex2", "chap12ex2.vcproj", "{B5F36C4C-5E7F-4442-B8B3-1A52C212C3C6}"
	ProjectSection(ProjectDependencies) = postProject
		{FA5DC3A9-AA89-4F04-9F78-38727225F84C} = {FA5DC3A9-AA89-4F04-9F78-38727225F84C}
	EndProjectSection
EndProject
Project("{8BC9CEB8-8B4A-11D0-8D11-00A0C91BC942}") = "chap12ex3", "chap12ex3.vcproj", "{B5F36C4C-5E7F-4442-B8B3-1A52C212C1C4}"
	ProjectSection(ProjectDependencies) = postProject
		{FA5DC3A9-AA89-4F04-9F78-38727225F84C} = {FA5DC3A9-AA89-4F04-9F78-38727225F84C}
		{FA5DC3A9-AA89-4F04-9F78-38727225F84D} = {FA5DC3A9-AA89-4F04-9F78-38727225F84D}
	EndProjectSection
EndProject
Global
	GlobalSection(SolutionConfiguration) = preSolution
		Debug = Debug
		Release = Release
	EndGlobalSection
	GlobalSection(ProjectConfiguration) = postSolution
		{3383ACF7-F226-452C-8457-47D1443A56A6}.Debug.ActiveCfg = Debug|Win32
		{3383ACF7-F226-452C-8457-47D1443A56A6}.Debug.Build.0 = Debug|Win32
		{3383ACF7-F226-452C-8457-47D1443A56A6}.Release.ActiveCfg = Release|Win32
		{3383ACF7-F226-452C-8457-47D1443A56A6}.Release.Build.0 = Release|Win32
		{0B05A64E-EFCF-47D1-8E40-5BAAEF066A03}.Debug.ActiveCfg = Debug|Win32
		{0B05A64E-EFCF-47D1-8E40-5BAAEF066A03}.Debug.Build.0 = Debug|Win32
		{0B05A64E-EFCF-47D1-8E40-5BAAEF066A03}.Release.ActiveCfg = Release|Win32
		{0B05A64E-EFCF-47D1-8E40-5BAAEF066A03}.Release.Build.0 = Release|Win32
		{FA5DC3A9-AA89-4F04-9F78-38727225F84C}.Debug.ActiveCfg = Debug|Win32
		{FA5DC3A9-AA89-4F04-9F78-38727225F84C}.Debug.Build.0 = Debug|Win32
		{FA5DC3A9-AA89-4F04-9F78-38727225F84C}.Release.ActiveCfg = Release|Win32
		{FA5DC3A9-AA89-4F04-9F78-38727225F84C}.Release.Build.0 = Release|Win32
		{8BFA75D3-DF19-4792-89B6-3A7CAE60B90B}.Debug.ActiveCfg = Debug|Win32
		{8BFA75D3-DF19-4792-89B6-3A7CAE60B90B}.Debug.Build.0 = Debug|Win32
		{8BFA75D3-DF19-4792-89B6-3A7CAE60B90B}.Release.ActiveCfg = Release|Win32
		{8BFA75D3-DF19-4792-89B6-3A7CAE60B90B}.Release.Build.0 = Release|Win32
		{8BFA75D3-DF19-4792-89B6-3A7CAE60B90B}.Debug.ActiveCfg = Debug|Win32
		{8BFA75D3-DF19-4792-89B6-3A7CAE60B90B}.Debug.Build.0 = Debug|Win32
		{8BFA75D3-DF19-4792-89B6-3A7CAE60B90B}.Release.ActiveCfg = Release|Win32
		{8BFA75D3-DF19-4792-89B6-3A7CAE60B90B}.Release.Build.0 = Release|Win32
		{3383ACF7-F226-452C-8457-47D1443A56A6}.Debug.ActiveCfg = Debug|Win32
		{3383ACF7-F226-452C-8457-47D1443A56A6}.Debug.Build.0 = Debug|Win32
		{3383ACF7-F226-452C-8457-47D1443A56A6}.Release.ActiveCfg = Release|Win32
		{3383ACF7-F226-452C-8457-47D1443A56A6}.Release.Build.0 = Release|Win32
		{0B05A64E-EFCF-47D1-8E40-5BAAEF066A03}.Debug.ActiveCfg = Debug|Win32
		{0B05A64E-EFCF-47D1-8E40-5BAAEF066A03}.Debug.Build.0 = Debug|Win32
		{0B05A64E-EFCF-47D1-8E40-5BAAEF066A03}.Release.ActiveCfg = Release|Win32
		{0B05A64E-EFCF-47D1-8E40-5BAAEF066A03}.Release.Build.0 = Release|Win32
		{B5F36C4C-5E7F-4442-B8B3-1A52C112C1B8}.Debug.ActiveCfg = Debug|Win32
		{B5F36C4C-5E7F-4442-B8B3-1A52C112C1B8}.Debug.Build.0 = Debug|Win32
		{B5F36C4C-5E7F-4442-B8B3-1A52C112C1B8}.Release.ActiveCfg = Release|Win32
		{B5F36C4C-5E7F-4442-B8B3-1A52C112C1B8}.Release.Build.0 = Release|Win32
		{B5F36C4C-5E7F-4442-B8B3-1A52C112C1B8}.Debug.ActiveCfg = Debug|Win32
		{B5F36C4C-5E7F-4442-B8B3-1A52C112C1B8}.Debug.Build.0 = Debug|Win32
		{B5F36C4C-5E7F-4442-B8B3-1A52C112C1B8}.Release.ActiveCfg = Release|Win32
		{B5F36C4C-5E7F-4442-B8B3-1A52C112C1B8}.Release.Build.0 = Release|Win32
		{B5F36C4C-5E7F-4442-B8B3-1A52C112C1B8}.Debug.ActiveCfg = Debug|Win32
		{B5F36C4C-5E7F-4442-B8B3-1A52C112C1B8}.Debug.Build.0 = Debug|Win32
		{B5F36C4C-5E7F-4442-B8B3-1A52C112C1B8}.Release.ActiveCfg = Release|Win32
		{B5F36C4C-5E7F-4442-B8B3-1A52C112C1B8}.Release.Build.0 = Release|Win32
		{B5F36C4C-5E7F-4442-B8B3-1A52C112C1B8}.Debug.ActiveCfg = Debug|Win32
		{B5F36C4C-5E7F-4442-B8B3-1A52C112C1B8}.Debug.Build.0 = Debug|Win32
		{B5F36C4C-5E7F-4442-B8B3-1A52C112C1B8}.Release.ActiveCfg = Release|Win32
		{B5F36C4C-5E7F-4442-B8B3-1A52C112C1B8}.Release.Build.0 = Release|Win32
		{0B05A64E-EFCF-47D1-8E40-5BAAEF066A03}.Debug.ActiveCfg = Debug|Win32
		{0B05A64E-EFCF-47D1-8E40-5BAAEF066A03}.Debug.Build.0 = Debug|Win32
		{0B05A64E-EFCF-47D1-8E40-5BAAEF066A03}.Release.ActiveCfg = Release|Win32
		{0B05A64E-EFCF-47D1-8E40-5BAAEF066A03}.Release.Build.0 = Release|Win32
		{B5F36C4C-5E7F-4442-B8B3-1A52C112C1B8}.Debug.ActiveCfg = Debug|Win32
		{B5F36C4C-5E7F-4442-B8B3-1A52C112C1B8}.Debug.Build.0 = Debug|Win32
		{B5F36C4C-5E7F-4442-B8B3-1A52C112C1B8}.Release.ActiveCfg = Release|Win32
		{B5F36C4C-5E7F-4442-B8B3-1A52C112C1B8}.Release.Build.0 = Release|Win32
		{B5F36C4C-5E7F-4442-B8B3-1A52C112C1B8}.Debug.ActiveCfg = Debug|Win32
		{B5F36C4C-5E7F-4442-B8B3-1A52C112C1B8}.Debug.Build.0 = Debug|Win32
		{B5F36C4C-5E7F-4442-B8B3-1A52C112C1B8}.Release.ActiveCfg = Release|Win32
		{B5F36C4C-5E7F-4442-B8B3-1A52C112C1B8}.Release.Build.0 = Release|Win32
		{B5F36C4C-5E7F-4442-B8B3-1A52C112C1B8}.Debug.ActiveCfg = Debug|Win32
		{B5F36C4C-5E7F-4442-B8B3-1A52C112C1B8}.Debug.Build.0 = Debug|Win32
		{B5F36C4C-5E7F-4442-B8B3-1A52C112C1B8}.Release.ActiveCfg = Release|Win32
		{B5F36C4C-5E7F-4442-B8B3-1A52C112C1B8}.Release.Build.0 = Release|Win32
		{B5F36C4C-5E7F-4442-B8B3-1A52C112C1B8}.Debug.ActiveCfg = Debug|Win32
		{B5F36C4C-5E7F-4442-B8B3-1A52C112C1B8}.Debug.Build.0 = Debug|Win32
		{B5F36C4C-5E7F-4442-B8B3-1A52C112C1B8}.Release.ActiveCfg = Release|Win32
		{B5F36C4C-5E7F-4442-B8B3-1A52C112C1B8}.Release.Build.0 = Release|Win32
		{B5F36C4C-5E7F-4442-B8B3-1A52C112C1B8}.Debug.ActiveCfg = Debug|Win32
		{B5F36C4C-5E7F-4442-B8B3-1A52C112C1B8}.Debug.Build.0 = Debug|Win32
		{B5F36C4C-5E7F-4442-B8B3-1A52C112C1B8}.Release.ActiveCfg = Release|Win32
		{B5F36C4C-5E7F-4442-B8B3-1A52C112C1B8}.Release.Build.0 = Release|Win32
		{B5F36C4C-5E7F-4442-B8B3-1A52C112C1B8}.Debug.ActiveCfg = Debug|Win32
		{B5F36C4C-5E7F-4442-B8B3-1A52C112C1B8}.Debug.Build.0 = Debug|Win32
		{B5F36C4C-5E7F-4442-B8B3-1A52C112C1B8}.Release.ActiveCfg = Release|Win32
		{B5F36C4C-5E7F-4442-B8B3-1A52C112C1B8}.Release.Build.0 = Release|Win32
		{B5F36C4C-5E7F-4442-B8B3-1A52C112C1B8}.Debug.ActiveCfg = Debug|Win32
		{B5F36C4C-5E7F-4442-B8B3-1A52C112C1B8}.Debug.Build.0 = Debug|Win32
		{B5F36C4C-5E7F-4442-B8B3-1A52C112C1B8}.Release.ActiveCfg = Release|Win32
		{B5F36C4C-5E7F-4442-B8B3-1A52C112C1B8}.Release.Build.0 = Release|Win32
		{B5F36C4C-5E7F-4442-B8B3-1A52C112C1B8}.Debug.ActiveCfg = Debug|Win32
		{B5F36C4C-5E7F-4442-B8B3-1A52C112C1B8}.Debug.Build.0 = Debug|Win32
		{B5F36C4C-5E7F-4442-B8B3-1A52C112C1B8}.Release.ActiveCfg = Release|Win32
		{B5F36C4C-5E7F-4442-B8B3-1A52C112C1B8}.Release.Build.0 = Release|Win32
		{B5F36C4C-5E7F-4442-B8B3-1A52C112C1B8}.Debug.ActiveCfg = Debug|Win32
		{B5F36C4C-5E7F-4442-B8B3-1A52C112C1B8}.Debug.Build.0 = Debug|Win32
		{B5F36C4C-5E7F-4442-B8B3-1A52C112C1B8}.Release.ActiveCfg = Release|Win32
		{B5F36C4C-5E7F-4442-B8B3-1A52C112C1B8}.Release.Build.0 = Release|Win32
		{B5F36C4C-5E7F-4442-B8B3-1A52C112C1B8}.Debug.ActiveCfg = Debug|Win32
		{B5F36C4C-5E7F-4442-B8B3-1A52C112C1B8}.Debug.Build.0 = Debug|Win32
		{B5F36C4C-5E7F-4442-B8B3-1A52C112C1B8}.Release.ActiveCfg = Release|Win32
		{B5F36C4C-5E7F-4442-B8B3-1A52C112C1B8}.Release.Build.0 = Release|Win32
		{B5F36C4C-5E7F-4442-B8B3-1A52C112C1B8}.Debug.ActiveCfg = Debug|Win32
		{B5F36C4C-5E7F-4442-B8B3-1A52C112C1B8}.Debug.Build.0 = Debug|Win32
		{B5F36C4C-5E7F-4442-B8B3-1A52C112C1B8}.Release.ActiveCfg = Release|Win32
		{B5F36C4C-5E7F-4442-B8B3-1A52C112C1B8}.Release.Build.0 = Release|Win32
		{B5F36C4C-5E7F-4442-B8B3-1A52C112C1B8}.Debug.ActiveCfg = Debug|Win32
		{B5F36C4C-5E7F-4442-B8B3-1A52C112C1B8}.Debug.Build.0 = Debug|Win32
		{B5F36C4C-5E7F-4442-B8B3-1A52C112C1B8}.Release.ActiveCfg = Release|Win32
		{B5F36C4C-5E7F-4442-B8B3-1A52C112C1B8}.Release.Build.0 = Release|Win32
		{FA5DC3A9-AA89-4F04-9F78-38727225F84D}.Debug.ActiveCfg = Debug|Win32
		{FA5DC3A9-AA89-4F04-9F78-38727225F84D}.Debug.Build.0 = Debug|Win32
		{FA5DC3A9-AA89-4F04-9F78-38727225F84D}.Release.ActiveCfg = Release|Win32
		{FA5DC3A9-AA89-4F04-9F78-38727225F84D}.Release.Build.0 = Release|Win32
		{B5F36C4C-5E7F-4442-B8B3-1A52C212C1C4}.Debug.ActiveCfg = Debug|Win32
		{B5F36C4C-5E7F-4442-B8B3-1A52C212C1C4}.Debug.Build.0 = Debug|Win32
		{B5F36C4C-5E7F-4442-B8B3-1A52C212C1C4}.Release.ActiveCfg = Release|Win32
		{B5F36C4C-5E7F-4442-B8B3-1A52C212C1C4}.Release.Build.0 = Release|Win32
		{B5F36C4C-5E7F-4442-B8B3-1A52C112C1BC}.Debug.ActiveCfg = Debug|Win32
		{B5F36C4C-5E7F-4442-B8B3-1A52C112C1BC}.Debug.Build.0 = Debug|Win32
		{B5F36C4C-5E7F-4442-B8B3-1A52C112C1BC}.Release.ActiveCfg = Release|Win32
		{B5F36C4C-5E7F-4442-B8B3-1A52C112C1BC}.Release.Build.0 = Release|Win32
		{B5F36C4C-5E7F-4442-B8B3-1A52C212C1C5}.Debug.ActiveCfg = Debug|Win32
		{B5F36C4C-5E7F-4442-B8B3-1A52C212C1C5}.Debug.Build.0 = Debug|Win32
		{B5F36C4C-5E7F-4442-B8B3-1A52C212C1C5}.Release.ActiveCfg = Release|Win32
		{B5F36C4C-5E7F-4442-B8B3-1A52C212C1C5}.Release.Build.0 = Release|Win32
		{B5F36C4C-5E7F-4442-B8B3-1A52C212C1C6}.Debug.ActiveCfg = Debug|Win32
		{B5F36C4C-5E7F-4442-B8B3-1A52C212C1C6}.Debug.Build.0 = Debug|Win32
		{B5F36C4C-5E7F-4442-B8B3-1A52C212C1C6}.Release.ActiveCfg = Release|Win32
		{B5F36C4C-5E7F-4442-B8B3-1A52C212C1C6}.Release.Build.0 = Release|Win32
		{B5F36C4C-5E7F-4442-B8B3-1A52C212C2C6}.Debug.ActiveCfg = Debug|Win32
		{B5F36C4C-5E7F-4442-B8B3-1A52C212C2C6}.Debug.Build.0 = Debug|Win32
		{B5F36C4C-5E7F-4442-B8B3-1A52C212C2C6}.Release.ActiveCfg = Release|Win32
		{B5F36C4C-5E7F-4442-B8B3-1A52C212C2C6}.Release.Build.0 = Release|Win32
		{3383ACF7-F226-452C-8457-47D1543B56B7}.Debug.ActiveCfg = Debug|Win32
		{3383ACF7-F226-452C-8457-47D1543B56B7}.Debug.Build.0 = Debug|Win32
		{3383ACF7-F226-452C-8457-47D1543B56B7}.Release.ActiveCfg = Release|Win32
		{3383ACF7-F226-452C-8457-47D1543B56B7}.Release.Build.0 = Release|Win32
		{B5F36C4C-5E7F-4442-B8B3-1A52C223C1C0}.Debug.ActiveCfg = Debug|Win32
		{B5F36C4C-5E7F-4442-B8B3-1A52C223C1C0}.Debug.Build.0 = Debug|Win32
		{B5F36C4C-5E7F-4442-B8B3-1A52C223C1C0}.Release.ActiveCfg = Release|Win32
		{B5F36C4C-5E7F-4442-B8B3-1A52C223C1C0}.Release.Build.0 = Release|Win32
		{B5F36C4C-5E7F-4442-B8B3-1B62C212C1C5}.Debug.ActiveCfg = Debug|Win32
		{B5F36C4C-5E7F-4442-B8B3-1B62C212C1C5}.Debug.Build.0 = Debug|Win32
		{B5F36C4C-5E7F-4442-B8B3-1B62C212C1C5}.Release.ActiveCfg = Release|Win32
		{B5F36C4C-5E7F-4442-B8B3-1B62C212C1C5}.Release.Build.0 = Release|Win32
		{B5F36C4C-5E7F-4442-B8B3-1B42C212C4C6}.Debug.ActiveCfg = Debug|Win32
		{B5F36C4C-5E7F-4442-B8B3-1B42C212C4C6}.Debug.Build.0 = Debug|Win32
		{B5F36C4C-5E7F-4442-B8B3-1B42C212C4C6}.Release.ActiveCfg = Release|Win32
		{B5F36C4C-5E7F-4442-B8B3-1B42C212C4C6}.Release.Build.0 = Release|Win32
		{B5F36C4C-5E7F-4442-B8B3-1B42B112C4C6}.Debug.ActiveCfg = Debug|Win32
		{B5F36C4C-5E7F-4442-B8B3-1B42B112C4C6}.Debug.Build.0 = Debug|Win32
		{B5F36C4C-5E7F-4442-B8B3-1B42B112C4C6}.Release.ActiveCfg = Release|Win32
		{B5F36C4C-5E7F-4442-B8B3-1B42B112C4C6}.Release.Build.0 = Release|Win32
		{077A4370-606C-4AD0-AC41-A1BDBA4CC6B2}.Debug.ActiveCfg = Debug|Win32
		{077A4370-606C-4AD0-AC41-A1BDBA4CC6B2}.Debug.Build.0 = Debug|Win32
		{077A4370-606C-4AD0-AC41-A1BDBA4CC6B2}.Release.ActiveCfg = Release|Win32
		{077A4370-606C-4AD0-AC41-A1BDBA4CC6B2}.Release.Build.0 = Release|Win32
		{B5F36C4C-5E7F-4442-B8B3-3C52C212C1C4}.Debug.ActiveCfg = Debug|Win32
		{B5F36C4C-5E7F-4442-B8B3-3C52C212C1C4}.Debug.Build.0 = Debug|Win32
		{B5F36C4C-5E7F-4442-B8B3-3C52C212C1C4}.Release.ActiveCfg = Release|Win32
		{B5F36C4C-5E7F-4442-B8B3-3C52C212C1C4}.Release.Build.0 = Release|Win32
		{B5F36C4C-5E7F-4442-B8B3-3C52D322C1C4}.Debug.ActiveCfg = Debug|Win32
		{B5F36C4C-5E7F-4442-B8B3-3C52D322C1C4}.Debug.Build.0 = Debug|Win32
		{B5F36C4C-5E7F-4442-B8B3-3C52D322C1C4}.Release.ActiveCfg = Release|Win32
		{B5F36C4C-5E7F-4442-B8B3-3C52D322C1C4}.Release.Build.0 = Release|Win32
		{B5F36C4C-5E7F-4442-B8B3-4D62D322C1C4}.Debug.ActiveCfg = Debug|Win32
		{B5F36C4C-5E7F-4442-B8B3-4D62D322C1C4}.Debug.Build.0 = Debug|Win32
		{B5F36C4C-5E7F-4442-B8B3-4D62D322C1C4}.Release.ActiveCfg = Release|Win32
		{B5F36C4C-5E7F-4442-B8B3-4D62D322C1C4}.Release.Build.0 = Release|Win32
		{B5F36C4C-5E7F-4442-B8B3-3C52D333B1C4}.Debug.ActiveCfg = Debug|Win32
		{B5F36C4C-5E7F-4442-B8B3-3C52D333B1C4}.Debug.Build.0 = Debug|Win32
		{B5F36C4C-5E7F-4442-B8B3-3C52D333B1C4}.Release.ActiveCfg = Release|Win32
		{B5F36C4C-5E7F-4442-B8B3-3C52D333B1C4}.Release.Build.0 = Release|Win32
		{B5F36C4C-5E7F-4442-B8B3-3C52C636C1C4}.Debug.ActiveCfg = Debug|Win32
		{B5F36C4C-5E7F-4442-B8B3-3C52C636C1C4}.Debug.Build.0 = Debug|Win32
		{B5F36C4C-5E7F-4442-B8B3-3C52C636C1C4}.Release.ActiveCfg = Release|Win32
		{B5F36C4C-5E7F-4442-B8B3-3C52C636C1C4}.Release.Build.0 = Release|Win32
		{B5F36C4C-5E7F-4442-B8B3-1A52C223D2D0}.Debug.ActiveCfg = Debug|Win32
		{B5F36C4C-5E7F-4442-B8B3-1A52C223D2D0}.Debug.Build.0 = Debug|Win32
		{B5F36C4C-5E7F-4442-B8B3-1A52C223D2D0}.Release.ActiveCfg = Release|Win32
		{B5F36C4C-5E7F-4442-B8B3-1A52C223D2D0}.Release.Build.0 = Release|Win32
		{B5F36C4C-5E7F-4442-B8B3-1B42B667F4C6}.Debug.ActiveCfg = Debug|Win32
		{B5F36C4C-5E7F-4442-B8B3-1B42B667F4C6}.Debug.Build.0 = Debug|Win32
		{B5F36C4C-5E7F-4442-B8B3-1B42B667F4C6}.Release.ActiveCfg = Release|Win32
		{B5F36C4C-5E7F-4442-B8B3-1B42B667F4C6}.Release.Build.0 = Release|Win32
		{B5F36C4C-5E7F-4442-B8B3-1C33A112C4C6}.Debug.ActiveCfg = Debug|Win32
		{B5F36C4C-5E7F-4442-B8B3-1C33A112C4C6}.Debug.Build.0 = Debug|Win32
		{B5F36C4C-5E7F-4442-B8B3-1C33A112C4C6}.Release.ActiveCfg = Release|Win32
		{B5F36C4C-5E7F-4442-B8B3-1C33A112C4C6}.Release.Build.0 = Release|Win32
		{B5F36C4C-5E7F-4442-B8B3-3C52D266E2D5}.Debug.ActiveCfg = Debug|Win32
		{B5F36C4C-5E7F-4442-B8B3-3C52D266E2D5}.Debug.Build.0 = Debug|Win32
		{B5F36C4C-5E7F-4442-B8B3-3C52D266E2D5}.Release.ActiveCfg = Release|Win32
		{B5F36C4C-5E7F-4442-B8B3-3C52D266E2D5}.Release.Build.0 = Release|Win32
		{B5F36C4C-5E7F-4442-B8B3-3C52D266D1C4}.Debug.ActiveCfg = Debug|Win32
		{B5F36C4C-5E7F-4442-B8B3-3C52D266D1C4}.Debug.Build.0 = Debug|Win32
		{B5F36C4C-5E7F-4442-B8B3-3C52D266D1C4}.Release.ActiveCfg = Release|Win32
		{B5F36C4C-5E7F-4442-B8B3-3C52D266D1C4}.Release.Build.0 = Release|Win32
		{B5F36C4C-5E7F-4442-B8B3-3D2D1266D1C4}.Debug.ActiveCfg = Debug|Win32
		{B5F36C4C-5E7F-4442-B8B3-3D2D1266D1C4}.Debug.Build.0 = Debug|Win32
		{B5F36C4C-5E7F-4442-B8B3-3D2D1266D1C4}.Release.ActiveCfg = Release|Win32
		{B5F36C4C-5E7F-4442-B8B3-3D2D1266D1C4}.Release.Build.0 = Release|Win32
		{B5F36C4C-5E7F-4442-B8B3-1A52C212C1C4}.Debug.ActiveCfg = Debug|Win32
		{B5F36C4C-5E7F-4442-B8B3-1A52C212C1C4}.Debug.Build.0 = Debug|Win32
		{B5F36C4C-5E7F-4442-B8B3-1A52C212C1C4}.Release.ActiveCfg = Release|Win32
		{B5F36C4C-5E7F-4442-B8B3-1A52C212C1C4}.Release.Build.0 = Release|Win32
		{B5F36C4C-5E7F-4442-B8B3-1A52C212C3C6}.Debug.ActiveCfg = Debug|Win32
		{B5F36C4C-5E7F-4442-B8B3-1A52C212C3C6}.Debug.Build.0 = Debug|Win32
		{B5F36C4C-5E7F-4442-B8B3-1A52C212C3C6}.Release.ActiveCfg = Release|Win32
		{B5F36C4C-5E7F-4442-B8B3-1A52C212C3C6}.Release.Build.0 = Release|Win32
		{B5F36C4C-5E7F-4442-B8B3-1A52C212C1C4}.Debug.ActiveCfg = Debug|Win32
		{B5F36C4C-5E7F-4442-B8B3-1A52C212C1C4}.Debug.Build.0 = Debug|Win32
		{B5F36C4C-5E7F-4442-B8B3-1A52C212C1C4}.Release.ActiveCfg = Release|Win32
		{B5F36C4C-5E7F-4442-B8B3-1A52C212C1C4}.Release.Build.0 = Release|Win32
	EndGlobalSection
	GlobalSection(ExtensibilityGlobals) = postSolution
	EndGlobalSection
	GlobalSection(ExtensibilityAddIns) = postSolution
	EndGlobalSection
EndGlobal
